// !$*UTF8*$!
{
	archiveVersion = 1;
	classes = {
	};
	objectVersion = 55;
	objects = {

/* Begin PBXBuildFile section */
		4408FB482789388700D04245 /* StoreView.swift in Sources */ = {isa = PBXBuildFile; fileRef = 4408FB472789388600D04245 /* StoreView.swift */; };
		4408FB492789388700D04245 /* StoreView.swift in Sources */ = {isa = PBXBuildFile; fileRef = 4408FB472789388600D04245 /* StoreView.swift */; };
		44DBF0E82787B99F00131EC2 /* Tests_iOS.swift in Sources */ = {isa = PBXBuildFile; fileRef = 44DBF0E72787B99F00131EC2 /* Tests_iOS.swift */; };
		44DBF0EA2787B99F00131EC2 /* Tests_iOSLaunchTests.swift in Sources */ = {isa = PBXBuildFile; fileRef = 44DBF0E92787B99F00131EC2 /* Tests_iOSLaunchTests.swift */; };
		44DBF0F42787B99F00131EC2 /* Tests_macOS.swift in Sources */ = {isa = PBXBuildFile; fileRef = 44DBF0F32787B99F00131EC2 /* Tests_macOS.swift */; };
		44DBF0F62787B99F00131EC2 /* Tests_macOSLaunchTests.swift in Sources */ = {isa = PBXBuildFile; fileRef = 44DBF0F52787B99F00131EC2 /* Tests_macOSLaunchTests.swift */; };
		44DBF0F72787B99F00131EC2 /* Tenderize_ItApp.swift in Sources */ = {isa = PBXBuildFile; fileRef = 44DBF0CF2787B98F00131EC2 /* Tenderize_ItApp.swift */; };
		44DBF0F82787B99F00131EC2 /* Tenderize_ItApp.swift in Sources */ = {isa = PBXBuildFile; fileRef = 44DBF0CF2787B98F00131EC2 /* Tenderize_ItApp.swift */; };
		44DBF0F92787B99F00131EC2 /* ContentView.swift in Sources */ = {isa = PBXBuildFile; fileRef = 44DBF0D02787B98F00131EC2 /* ContentView.swift */; };
		44DBF0FA2787B99F00131EC2 /* ContentView.swift in Sources */ = {isa = PBXBuildFile; fileRef = 44DBF0D02787B98F00131EC2 /* ContentView.swift */; };
		44DBF0FB2787B99F00131EC2 /* Assets.xcassets in Resources */ = {isa = PBXBuildFile; fileRef = 44DBF0D12787B99F00131EC2 /* Assets.xcassets */; };
		44DBF0FC2787B99F00131EC2 /* Assets.xcassets in Resources */ = {isa = PBXBuildFile; fileRef = 44DBF0D12787B99F00131EC2 /* Assets.xcassets */; };
		44DBF10C2787CD7000131EC2 /* Sounds in Resources */ = {isa = PBXBuildFile; fileRef = 44DBF10B2787CD6F00131EC2 /* Sounds */; };
		44DBF10D2787CD7000131EC2 /* Sounds in Resources */ = {isa = PBXBuildFile; fileRef = 44DBF10B2787CD6F00131EC2 /* Sounds */; };
		44DBF1112787D8B700131EC2 /* AVFoundation.framework in Frameworks */ = {isa = PBXBuildFile; fileRef = 44DBF10F2787D8A900131EC2 /* AVFoundation.framework */; };
		44DBF1152787D99B00131EC2 /* Sounds.swift in Sources */ = {isa = PBXBuildFile; fileRef = 44DBF1142787D99B00131EC2 /* Sounds.swift */; };
		44DBF1162787D99C00131EC2 /* Sounds.swift in Sources */ = {isa = PBXBuildFile; fileRef = 44DBF1142787D99B00131EC2 /* Sounds.swift */; };
		44DBF1212787EF9900131EC2 /* Count.swift in Sources */ = {isa = PBXBuildFile; fileRef = 44DBF1202787EF9900131EC2 /* Count.swift */; };
		44DBF1222787EF9A00131EC2 /* Count.swift in Sources */ = {isa = PBXBuildFile; fileRef = 44DBF1202787EF9900131EC2 /* Count.swift */; };
		44DBF1272788186400131EC2 /* Beat.wav in Resources */ = {isa = PBXBuildFile; fileRef = 44DBF1262788186300131EC2 /* Beat.wav */; };
		44DBF1282788186400131EC2 /* Beat.wav in Resources */ = {isa = PBXBuildFile; fileRef = 44DBF1262788186300131EC2 /* Beat.wav */; };
/* End PBXBuildFile section */

/* Begin PBXContainerItemProxy section */
		44DBF0E42787B99F00131EC2 /* PBXContainerItemProxy */ = {
			isa = PBXContainerItemProxy;
			containerPortal = 44DBF0CA2787B98D00131EC2 /* Project object */;
			proxyType = 1;
			remoteGlobalIDString = 44DBF0D52787B99F00131EC2;
			remoteInfo = "Tenderize It (iOS)";
		};
		44DBF0F02787B99F00131EC2 /* PBXContainerItemProxy */ = {
			isa = PBXContainerItemProxy;
			containerPortal = 44DBF0CA2787B98D00131EC2 /* Project object */;
			proxyType = 1;
			remoteGlobalIDString = 44DBF0DB2787B99F00131EC2;
			remoteInfo = "Tenderize It (macOS)";
		};
/* End PBXContainerItemProxy section */

/* Begin PBXFileReference section */
		4408FB472789388600D04245 /* StoreView.swift */ = {isa = PBXFileReference; lastKnownFileType = sourcecode.swift; path = StoreView.swift; sourceTree = "<group>"; };
		4408FB4A278CEE3F00D04245 /* Tenderize-It--iOS--Info.plist */ = {isa = PBXFileReference; lastKnownFileType = text.plist; path = "Tenderize-It--iOS--Info.plist"; sourceTree = "<group>"; };
		44DBF0CF2787B98F00131EC2 /* Tenderize_ItApp.swift */ = {isa = PBXFileReference; lastKnownFileType = sourcecode.swift; path = Tenderize_ItApp.swift; sourceTree = "<group>"; };
		44DBF0D02787B98F00131EC2 /* ContentView.swift */ = {isa = PBXFileReference; lastKnownFileType = sourcecode.swift; path = ContentView.swift; sourceTree = "<group>"; };
		44DBF0D12787B99F00131EC2 /* Assets.xcassets */ = {isa = PBXFileReference; lastKnownFileType = folder.assetcatalog; path = Assets.xcassets; sourceTree = "<group>"; };
		44DBF0D62787B99F00131EC2 /* Tenderize It.app */ = {isa = PBXFileReference; explicitFileType = wrapper.application; includeInIndex = 0; path = "Tenderize It.app"; sourceTree = BUILT_PRODUCTS_DIR; };
		44DBF0DC2787B99F00131EC2 /* Tenderize It.app */ = {isa = PBXFileReference; explicitFileType = wrapper.application; includeInIndex = 0; path = "Tenderize It.app"; sourceTree = BUILT_PRODUCTS_DIR; };
		44DBF0DE2787B99F00131EC2 /* macOS.entitlements */ = {isa = PBXFileReference; lastKnownFileType = text.plist.entitlements; path = macOS.entitlements; sourceTree = "<group>"; };
		44DBF0E32787B99F00131EC2 /* Tests iOS.xctest */ = {isa = PBXFileReference; explicitFileType = wrapper.cfbundle; includeInIndex = 0; path = "Tests iOS.xctest"; sourceTree = BUILT_PRODUCTS_DIR; };
		44DBF0E72787B99F00131EC2 /* Tests_iOS.swift */ = {isa = PBXFileReference; lastKnownFileType = sourcecode.swift; path = Tests_iOS.swift; sourceTree = "<group>"; };
		44DBF0E92787B99F00131EC2 /* Tests_iOSLaunchTests.swift */ = {isa = PBXFileReference; lastKnownFileType = sourcecode.swift; path = Tests_iOSLaunchTests.swift; sourceTree = "<group>"; };
		44DBF0EF2787B99F00131EC2 /* Tests macOS.xctest */ = {isa = PBXFileReference; explicitFileType = wrapper.cfbundle; includeInIndex = 0; path = "Tests macOS.xctest"; sourceTree = BUILT_PRODUCTS_DIR; };
		44DBF0F32787B99F00131EC2 /* Tests_macOS.swift */ = {isa = PBXFileReference; lastKnownFileType = sourcecode.swift; path = Tests_macOS.swift; sourceTree = "<group>"; };
		44DBF0F52787B99F00131EC2 /* Tests_macOSLaunchTests.swift */ = {isa = PBXFileReference; lastKnownFileType = sourcecode.swift; path = Tests_macOSLaunchTests.swift; sourceTree = "<group>"; };
		44DBF10B2787CD6F00131EC2 /* Sounds */ = {isa = PBXFileReference; lastKnownFileType = folder; name = Sounds; path = ../../../Downloads/Sounds; sourceTree = "<group>"; };
		44DBF10F2787D8A900131EC2 /* AVFoundation.framework */ = {isa = PBXFileReference; lastKnownFileType = wrapper.framework; name = AVFoundation.framework; path = Platforms/iPhoneOS.platform/Developer/SDKs/iPhoneOS15.2.sdk/System/Library/Frameworks/AVFoundation.framework; sourceTree = DEVELOPER_DIR; };
		44DBF1142787D99B00131EC2 /* Sounds.swift */ = {isa = PBXFileReference; lastKnownFileType = sourcecode.swift; path = Sounds.swift; sourceTree = "<group>"; };
		44DBF1202787EF9900131EC2 /* Count.swift */ = {isa = PBXFileReference; lastKnownFileType = sourcecode.swift; path = Count.swift; sourceTree = "<group>"; };
		44DBF1262788186300131EC2 /* Beat.wav */ = {isa = PBXFileReference; lastKnownFileType = audio.wav; path = Beat.wav; sourceTree = "<group>"; };
/* End PBXFileReference section */

/* Begin PBXFrameworksBuildPhase section */
		44DBF0D32787B99F00131EC2 /* Frameworks */ = {
			isa = PBXFrameworksBuildPhase;
			buildActionMask = 2147483647;
			files = (
				44DBF1112787D8B700131EC2 /* AVFoundation.framework in Frameworks */,
			);
			runOnlyForDeploymentPostprocessing = 0;
		};
		44DBF0D92787B99F00131EC2 /* Frameworks */ = {
			isa = PBXFrameworksBuildPhase;
			buildActionMask = 2147483647;
			files = (
			);
			runOnlyForDeploymentPostprocessing = 0;
		};
		44DBF0E02787B99F00131EC2 /* Frameworks */ = {
			isa = PBXFrameworksBuildPhase;
			buildActionMask = 2147483647;
			files = (
			);
			runOnlyForDeploymentPostprocessing = 0;
		};
		44DBF0EC2787B99F00131EC2 /* Frameworks */ = {
			isa = PBXFrameworksBuildPhase;
			buildActionMask = 2147483647;
			files = (
			);
			runOnlyForDeploymentPostprocessing = 0;
		};
/* End PBXFrameworksBuildPhase section */

/* Begin PBXGroup section */
		44DBF0C92787B98D00131EC2 = {
			isa = PBXGroup;
			children = (
				4408FB4A278CEE3F00D04245 /* Tenderize-It--iOS--Info.plist */,
				44DBF0CE2787B98F00131EC2 /* Shared */,
				44DBF0DD2787B99F00131EC2 /* macOS */,
				44DBF0E62787B99F00131EC2 /* Tests iOS */,
				44DBF0F22787B99F00131EC2 /* Tests macOS */,
				44DBF0D72787B99F00131EC2 /* Products */,
				44DBF10E2787D8A500131EC2 /* Frameworks */,
			);
			sourceTree = "<group>";
		};
		44DBF0CE2787B98F00131EC2 /* Shared */ = {
			isa = PBXGroup;
			children = (
				44DBF10B2787CD6F00131EC2 /* Sounds */,
				44DBF0CF2787B98F00131EC2 /* Tenderize_ItApp.swift */,
				44DBF0D02787B98F00131EC2 /* ContentView.swift */,
				44DBF1262788186300131EC2 /* Beat.wav */,
				44DBF0D12787B99F00131EC2 /* Assets.xcassets */,
				44DBF1142787D99B00131EC2 /* Sounds.swift */,
				44DBF1202787EF9900131EC2 /* Count.swift */,
				4408FB472789388600D04245 /* StoreView.swift */,
			);
			path = Shared;
			sourceTree = "<group>";
		};
		44DBF0D72787B99F00131EC2 /* Products */ = {
			isa = PBXGroup;
			children = (
				44DBF0D62787B99F00131EC2 /* Tenderize It.app */,
				44DBF0DC2787B99F00131EC2 /* Tenderize It.app */,
				44DBF0E32787B99F00131EC2 /* Tests iOS.xctest */,
				44DBF0EF2787B99F00131EC2 /* Tests macOS.xctest */,
			);
			name = Products;
			sourceTree = "<group>";
		};
		44DBF0DD2787B99F00131EC2 /* macOS */ = {
			isa = PBXGroup;
			children = (
				44DBF0DE2787B99F00131EC2 /* macOS.entitlements */,
			);
			path = macOS;
			sourceTree = "<group>";
		};
		44DBF0E62787B99F00131EC2 /* Tests iOS */ = {
			isa = PBXGroup;
			children = (
				44DBF0E72787B99F00131EC2 /* Tests_iOS.swift */,
				44DBF0E92787B99F00131EC2 /* Tests_iOSLaunchTests.swift */,
			);
			path = "Tests iOS";
			sourceTree = "<group>";
		};
		44DBF0F22787B99F00131EC2 /* Tests macOS */ = {
			isa = PBXGroup;
			children = (
				44DBF0F32787B99F00131EC2 /* Tests_macOS.swift */,
				44DBF0F52787B99F00131EC2 /* Tests_macOSLaunchTests.swift */,
			);
			path = "Tests macOS";
			sourceTree = "<group>";
		};
		44DBF10E2787D8A500131EC2 /* Frameworks */ = {
			isa = PBXGroup;
			children = (
				44DBF10F2787D8A900131EC2 /* AVFoundation.framework */,
			);
			name = Frameworks;
			sourceTree = "<group>";
		};
/* End PBXGroup section */

/* Begin PBXNativeTarget section */
		44DBF0D52787B99F00131EC2 /* Tenderize It (iOS) */ = {
			isa = PBXNativeTarget;
			buildConfigurationList = 44DBF0FF2787B99F00131EC2 /* Build configuration list for PBXNativeTarget "Tenderize It (iOS)" */;
			buildPhases = (
				44DBF0D22787B99F00131EC2 /* Sources */,
				44DBF0D32787B99F00131EC2 /* Frameworks */,
				44DBF0D42787B99F00131EC2 /* Resources */,
			);
			buildRules = (
			);
			dependencies = (
			);
			name = "Tenderize It (iOS)";
			productName = "Tenderize It (iOS)";
			productReference = 44DBF0D62787B99F00131EC2 /* Tenderize It.app */;
			productType = "com.apple.product-type.application";
		};
		44DBF0DB2787B99F00131EC2 /* Tenderize It (macOS) */ = {
			isa = PBXNativeTarget;
			buildConfigurationList = 44DBF1022787B99F00131EC2 /* Build configuration list for PBXNativeTarget "Tenderize It (macOS)" */;
			buildPhases = (
				44DBF0D82787B99F00131EC2 /* Sources */,
				44DBF0D92787B99F00131EC2 /* Frameworks */,
				44DBF0DA2787B99F00131EC2 /* Resources */,
			);
			buildRules = (
			);
			dependencies = (
			);
			name = "Tenderize It (macOS)";
			productName = "Tenderize It (macOS)";
			productReference = 44DBF0DC2787B99F00131EC2 /* Tenderize It.app */;
			productType = "com.apple.product-type.application";
		};
		44DBF0E22787B99F00131EC2 /* Tests iOS */ = {
			isa = PBXNativeTarget;
			buildConfigurationList = 44DBF1052787B99F00131EC2 /* Build configuration list for PBXNativeTarget "Tests iOS" */;
			buildPhases = (
				44DBF0DF2787B99F00131EC2 /* Sources */,
				44DBF0E02787B99F00131EC2 /* Frameworks */,
				44DBF0E12787B99F00131EC2 /* Resources */,
			);
			buildRules = (
			);
			dependencies = (
				44DBF0E52787B99F00131EC2 /* PBXTargetDependency */,
			);
			name = "Tests iOS";
			productName = "Tests iOS";
			productReference = 44DBF0E32787B99F00131EC2 /* Tests iOS.xctest */;
			productType = "com.apple.product-type.bundle.ui-testing";
		};
		44DBF0EE2787B99F00131EC2 /* Tests macOS */ = {
			isa = PBXNativeTarget;
			buildConfigurationList = 44DBF1082787B99F00131EC2 /* Build configuration list for PBXNativeTarget "Tests macOS" */;
			buildPhases = (
				44DBF0EB2787B99F00131EC2 /* Sources */,
				44DBF0EC2787B99F00131EC2 /* Frameworks */,
				44DBF0ED2787B99F00131EC2 /* Resources */,
			);
			buildRules = (
			);
			dependencies = (
				44DBF0F12787B99F00131EC2 /* PBXTargetDependency */,
			);
			name = "Tests macOS";
			productName = "Tests macOS";
			productReference = 44DBF0EF2787B99F00131EC2 /* Tests macOS.xctest */;
			productType = "com.apple.product-type.bundle.ui-testing";
		};
/* End PBXNativeTarget section */

/* Begin PBXProject section */
		44DBF0CA2787B98D00131EC2 /* Project object */ = {
			isa = PBXProject;
			attributes = {
				BuildIndependentTargetsInParallel = 1;
				LastSwiftUpdateCheck = 1320;
				LastUpgradeCheck = 1320;
				TargetAttributes = {
					44DBF0D52787B99F00131EC2 = {
						CreatedOnToolsVersion = 13.2.1;
					};
					44DBF0DB2787B99F00131EC2 = {
						CreatedOnToolsVersion = 13.2.1;
					};
					44DBF0E22787B99F00131EC2 = {
						CreatedOnToolsVersion = 13.2.1;
						TestTargetID = 44DBF0D52787B99F00131EC2;
					};
					44DBF0EE2787B99F00131EC2 = {
						CreatedOnToolsVersion = 13.2.1;
						TestTargetID = 44DBF0DB2787B99F00131EC2;
					};
				};
			};
			buildConfigurationList = 44DBF0CD2787B98D00131EC2 /* Build configuration list for PBXProject "Tenderize It" */;
			compatibilityVersion = "Xcode 13.0";
			developmentRegion = en;
			hasScannedForEncodings = 0;
			knownRegions = (
				en,
				Base,
			);
			mainGroup = 44DBF0C92787B98D00131EC2;
			productRefGroup = 44DBF0D72787B99F00131EC2 /* Products */;
			projectDirPath = "";
			projectRoot = "";
			targets = (
				44DBF0D52787B99F00131EC2 /* Tenderize It (iOS) */,
				44DBF0DB2787B99F00131EC2 /* Tenderize It (macOS) */,
				44DBF0E22787B99F00131EC2 /* Tests iOS */,
				44DBF0EE2787B99F00131EC2 /* Tests macOS */,
			);
		};
/* End PBXProject section */

/* Begin PBXResourcesBuildPhase section */
		44DBF0D42787B99F00131EC2 /* Resources */ = {
			isa = PBXResourcesBuildPhase;
			buildActionMask = 2147483647;
			files = (
				44DBF10C2787CD7000131EC2 /* Sounds in Resources */,
				44DBF1272788186400131EC2 /* Beat.wav in Resources */,
				44DBF0FB2787B99F00131EC2 /* Assets.xcassets in Resources */,
			);
			runOnlyForDeploymentPostprocessing = 0;
		};
		44DBF0DA2787B99F00131EC2 /* Resources */ = {
			isa = PBXResourcesBuildPhase;
			buildActionMask = 2147483647;
			files = (
				44DBF10D2787CD7000131EC2 /* Sounds in Resources */,
				44DBF1282788186400131EC2 /* Beat.wav in Resources */,
				44DBF0FC2787B99F00131EC2 /* Assets.xcassets in Resources */,
			);
			runOnlyForDeploymentPostprocessing = 0;
		};
		44DBF0E12787B99F00131EC2 /* Resources */ = {
			isa = PBXResourcesBuildPhase;
			buildActionMask = 2147483647;
			files = (
			);
			runOnlyForDeploymentPostprocessing = 0;
		};
		44DBF0ED2787B99F00131EC2 /* Resources */ = {
			isa = PBXResourcesBuildPhase;
			buildActionMask = 2147483647;
			files = (
			);
			runOnlyForDeploymentPostprocessing = 0;
		};
/* End PBXResourcesBuildPhase section */

/* Begin PBXSourcesBuildPhase section */
		44DBF0D22787B99F00131EC2 /* Sources */ = {
			isa = PBXSourcesBuildPhase;
			buildActionMask = 2147483647;
			files = (
				44DBF1152787D99B00131EC2 /* Sounds.swift in Sources */,
				44DBF0F92787B99F00131EC2 /* ContentView.swift in Sources */,
				44DBF0F72787B99F00131EC2 /* Tenderize_ItApp.swift in Sources */,
				4408FB482789388700D04245 /* StoreView.swift in Sources */,
				44DBF1212787EF9900131EC2 /* Count.swift in Sources */,
			);
			runOnlyForDeploymentPostprocessing = 0;
		};
		44DBF0D82787B99F00131EC2 /* Sources */ = {
			isa = PBXSourcesBuildPhase;
			buildActionMask = 2147483647;
			files = (
				44DBF1162787D99C00131EC2 /* Sounds.swift in Sources */,
				44DBF0FA2787B99F00131EC2 /* ContentView.swift in Sources */,
				44DBF0F82787B99F00131EC2 /* Tenderize_ItApp.swift in Sources */,
				4408FB492789388700D04245 /* StoreView.swift in Sources */,
				44DBF1222787EF9A00131EC2 /* Count.swift in Sources */,
			);
			runOnlyForDeploymentPostprocessing = 0;
		};
		44DBF0DF2787B99F00131EC2 /* Sources */ = {
			isa = PBXSourcesBuildPhase;
			buildActionMask = 2147483647;
			files = (
				44DBF0EA2787B99F00131EC2 /* Tests_iOSLaunchTests.swift in Sources */,
				44DBF0E82787B99F00131EC2 /* Tests_iOS.swift in Sources */,
			);
			runOnlyForDeploymentPostprocessing = 0;
		};
		44DBF0EB2787B99F00131EC2 /* Sources */ = {
			isa = PBXSourcesBuildPhase;
			buildActionMask = 2147483647;
			files = (
				44DBF0F62787B99F00131EC2 /* Tests_macOSLaunchTests.swift in Sources */,
				44DBF0F42787B99F00131EC2 /* Tests_macOS.swift in Sources */,
			);
			runOnlyForDeploymentPostprocessing = 0;
		};
/* End PBXSourcesBuildPhase section */

/* Begin PBXTargetDependency section */
		44DBF0E52787B99F00131EC2 /* PBXTargetDependency */ = {
			isa = PBXTargetDependency;
			target = 44DBF0D52787B99F00131EC2 /* Tenderize It (iOS) */;
			targetProxy = 44DBF0E42787B99F00131EC2 /* PBXContainerItemProxy */;
		};
		44DBF0F12787B99F00131EC2 /* PBXTargetDependency */ = {
			isa = PBXTargetDependency;
			target = 44DBF0DB2787B99F00131EC2 /* Tenderize It (macOS) */;
			targetProxy = 44DBF0F02787B99F00131EC2 /* PBXContainerItemProxy */;
		};
/* End PBXTargetDependency section */

/* Begin XCBuildConfiguration section */
		44DBF0FD2787B99F00131EC2 /* Debug */ = {
			isa = XCBuildConfiguration;
			buildSettings = {
				ALWAYS_SEARCH_USER_PATHS = NO;
				CLANG_ANALYZER_NONNULL = YES;
				CLANG_ANALYZER_NUMBER_OBJECT_CONVERSION = YES_AGGRESSIVE;
				CLANG_CXX_LANGUAGE_STANDARD = "gnu++17";
				CLANG_CXX_LIBRARY = "libc++";
				CLANG_ENABLE_MODULES = YES;
				CLANG_ENABLE_OBJC_ARC = YES;
				CLANG_ENABLE_OBJC_WEAK = YES;
				CLANG_WARN_BLOCK_CAPTURE_AUTORELEASING = YES;
				CLANG_WARN_BOOL_CONVERSION = YES;
				CLANG_WARN_COMMA = YES;
				CLANG_WARN_CONSTANT_CONVERSION = YES;
				CLANG_WARN_DEPRECATED_OBJC_IMPLEMENTATIONS = YES;
				CLANG_WARN_DIRECT_OBJC_ISA_USAGE = YES_ERROR;
				CLANG_WARN_DOCUMENTATION_COMMENTS = YES;
				CLANG_WARN_EMPTY_BODY = YES;
				CLANG_WARN_ENUM_CONVERSION = YES;
				CLANG_WARN_INFINITE_RECURSION = YES;
				CLANG_WARN_INT_CONVERSION = YES;
				CLANG_WARN_NON_LITERAL_NULL_CONVERSION = YES;
				CLANG_WARN_OBJC_IMPLICIT_RETAIN_SELF = YES;
				CLANG_WARN_OBJC_LITERAL_CONVERSION = YES;
				CLANG_WARN_OBJC_ROOT_CLASS = YES_ERROR;
				CLANG_WARN_QUOTED_INCLUDE_IN_FRAMEWORK_HEADER = YES;
				CLANG_WARN_RANGE_LOOP_ANALYSIS = YES;
				CLANG_WARN_STRICT_PROTOTYPES = YES;
				CLANG_WARN_SUSPICIOUS_MOVE = YES;
				CLANG_WARN_UNGUARDED_AVAILABILITY = YES_AGGRESSIVE;
				CLANG_WARN_UNREACHABLE_CODE = YES;
				CLANG_WARN__DUPLICATE_METHOD_MATCH = YES;
				COPY_PHASE_STRIP = NO;
				DEBUG_INFORMATION_FORMAT = dwarf;
				ENABLE_STRICT_OBJC_MSGSEND = YES;
				ENABLE_TESTABILITY = YES;
				GCC_C_LANGUAGE_STANDARD = gnu11;
				GCC_DYNAMIC_NO_PIC = NO;
				GCC_NO_COMMON_BLOCKS = YES;
				GCC_OPTIMIZATION_LEVEL = 0;
				GCC_PREPROCESSOR_DEFINITIONS = (
					"DEBUG=1",
					"$(inherited)",
				);
				GCC_WARN_64_TO_32_BIT_CONVERSION = YES;
				GCC_WARN_ABOUT_RETURN_TYPE = YES_ERROR;
				GCC_WARN_UNDECLARED_SELECTOR = YES;
				GCC_WARN_UNINITIALIZED_AUTOS = YES_AGGRESSIVE;
				GCC_WARN_UNUSED_FUNCTION = YES;
				GCC_WARN_UNUSED_VARIABLE = YES;
				MTL_ENABLE_DEBUG_INFO = INCLUDE_SOURCE;
				MTL_FAST_MATH = YES;
				ONLY_ACTIVE_ARCH = YES;
				SWIFT_ACTIVE_COMPILATION_CONDITIONS = DEBUG;
				SWIFT_OPTIMIZATION_LEVEL = "-Onone";
			};
			name = Debug;
		};
		44DBF0FE2787B99F00131EC2 /* Release */ = {
			isa = XCBuildConfiguration;
			buildSettings = {
				ALWAYS_SEARCH_USER_PATHS = NO;
				CLANG_ANALYZER_NONNULL = YES;
				CLANG_ANALYZER_NUMBER_OBJECT_CONVERSION = YES_AGGRESSIVE;
				CLANG_CXX_LANGUAGE_STANDARD = "gnu++17";
				CLANG_CXX_LIBRARY = "libc++";
				CLANG_ENABLE_MODULES = YES;
				CLANG_ENABLE_OBJC_ARC = YES;
				CLANG_ENABLE_OBJC_WEAK = YES;
				CLANG_WARN_BLOCK_CAPTURE_AUTORELEASING = YES;
				CLANG_WARN_BOOL_CONVERSION = YES;
				CLANG_WARN_COMMA = YES;
				CLANG_WARN_CONSTANT_CONVERSION = YES;
				CLANG_WARN_DEPRECATED_OBJC_IMPLEMENTATIONS = YES;
				CLANG_WARN_DIRECT_OBJC_ISA_USAGE = YES_ERROR;
				CLANG_WARN_DOCUMENTATION_COMMENTS = YES;
				CLANG_WARN_EMPTY_BODY = YES;
				CLANG_WARN_ENUM_CONVERSION = YES;
				CLANG_WARN_INFINITE_RECURSION = YES;
				CLANG_WARN_INT_CONVERSION = YES;
				CLANG_WARN_NON_LITERAL_NULL_CONVERSION = YES;
				CLANG_WARN_OBJC_IMPLICIT_RETAIN_SELF = YES;
				CLANG_WARN_OBJC_LITERAL_CONVERSION = YES;
				CLANG_WARN_OBJC_ROOT_CLASS = YES_ERROR;
				CLANG_WARN_QUOTED_INCLUDE_IN_FRAMEWORK_HEADER = YES;
				CLANG_WARN_RANGE_LOOP_ANALYSIS = YES;
				CLANG_WARN_STRICT_PROTOTYPES = YES;
				CLANG_WARN_SUSPICIOUS_MOVE = YES;
				CLANG_WARN_UNGUARDED_AVAILABILITY = YES_AGGRESSIVE;
				CLANG_WARN_UNREACHABLE_CODE = YES;
				CLANG_WARN__DUPLICATE_METHOD_MATCH = YES;
				COPY_PHASE_STRIP = NO;
				DEBUG_INFORMATION_FORMAT = "dwarf-with-dsym";
				ENABLE_NS_ASSERTIONS = NO;
				ENABLE_STRICT_OBJC_MSGSEND = YES;
				GCC_C_LANGUAGE_STANDARD = gnu11;
				GCC_NO_COMMON_BLOCKS = YES;
				GCC_WARN_64_TO_32_BIT_CONVERSION = YES;
				GCC_WARN_ABOUT_RETURN_TYPE = YES_ERROR;
				GCC_WARN_UNDECLARED_SELECTOR = YES;
				GCC_WARN_UNINITIALIZED_AUTOS = YES_AGGRESSIVE;
				GCC_WARN_UNUSED_FUNCTION = YES;
				GCC_WARN_UNUSED_VARIABLE = YES;
				MTL_ENABLE_DEBUG_INFO = NO;
				MTL_FAST_MATH = YES;
				SWIFT_COMPILATION_MODE = wholemodule;
				SWIFT_OPTIMIZATION_LEVEL = "-O";
			};
			name = Release;
		};
		44DBF1002787B99F00131EC2 /* Debug */ = {
			isa = XCBuildConfiguration;
			buildSettings = {
				ASSETCATALOG_COMPILER_APPICON_NAME = AppIcon;
				ASSETCATALOG_COMPILER_GLOBAL_ACCENT_COLOR_NAME = AccentColor;
				ASSETCATALOG_COMPILER_INCLUDE_ALL_APPICON_ASSETS = YES;
				CODE_SIGN_STYLE = Automatic;
				CURRENT_PROJECT_VERSION = 1;
				DEVELOPMENT_TEAM = 42PXLCUPV6;
				ENABLE_PREVIEWS = YES;
				GENERATE_INFOPLIST_FILE = YES;
				INFOPLIST_FILE = "Tenderize-It--iOS--Info.plist";
				INFOPLIST_KEY_UIApplicationSceneManifest_Generation = YES;
				INFOPLIST_KEY_UIApplicationSupportsIndirectInputEvents = YES;
				INFOPLIST_KEY_UILaunchScreen_Generation = YES;
				INFOPLIST_KEY_UISupportedInterfaceOrientations = UIInterfaceOrientationPortrait;
				INFOPLIST_KEY_UISupportedInterfaceOrientations_iPad = "UIInterfaceOrientationPortrait UIInterfaceOrientationPortraitUpsideDown UIInterfaceOrientationLandscapeLeft UIInterfaceOrientationLandscapeRight";
				INFOPLIST_KEY_UISupportedInterfaceOrientations_iPhone = "UIInterfaceOrientationPortrait UIInterfaceOrientationLandscapeLeft UIInterfaceOrientationLandscapeRight";
				IPHONEOS_DEPLOYMENT_TARGET = 14.0;
				LD_RUNPATH_SEARCH_PATHS = (
					"$(inherited)",
					"@executable_path/Frameworks",
				);
				MARKETING_VERSION = 1.0;
				PRODUCT_BUNDLE_IDENTIFIER = "Rootz.Tenderize-It";
				PRODUCT_NAME = "Tenderize It";
				SDKROOT = iphoneos;
				SWIFT_EMIT_LOC_STRINGS = YES;
				SWIFT_VERSION = 5.0;
				TARGETED_DEVICE_FAMILY = "1,2";
			};
			name = Debug;
		};
		44DBF1012787B99F00131EC2 /* Release */ = {
			isa = XCBuildConfiguration;
			buildSettings = {
				ASSETCATALOG_COMPILER_APPICON_NAME = AppIcon;
				ASSETCATALOG_COMPILER_GLOBAL_ACCENT_COLOR_NAME = AccentColor;
				ASSETCATALOG_COMPILER_INCLUDE_ALL_APPICON_ASSETS = YES;
				CODE_SIGN_STYLE = Automatic;
				CURRENT_PROJECT_VERSION = 1;
				DEVELOPMENT_TEAM = 42PXLCUPV6;
				ENABLE_PREVIEWS = YES;
				GENERATE_INFOPLIST_FILE = YES;
				INFOPLIST_FILE = "Tenderize-It--iOS--Info.plist";
				INFOPLIST_KEY_UIApplicationSceneManifest_Generation = YES;
				INFOPLIST_KEY_UIApplicationSupportsIndirectInputEvents = YES;
				INFOPLIST_KEY_UILaunchScreen_Generation = YES;
				INFOPLIST_KEY_UISupportedInterfaceOrientations = UIInterfaceOrientationPortrait;
				INFOPLIST_KEY_UISupportedInterfaceOrientations_iPad = "UIInterfaceOrientationPortrait UIInterfaceOrientationPortraitUpsideDown UIInterfaceOrientationLandscapeLeft UIInterfaceOrientationLandscapeRight";
				INFOPLIST_KEY_UISupportedInterfaceOrientations_iPhone = "UIInterfaceOrientationPortrait UIInterfaceOrientationLandscapeLeft UIInterfaceOrientationLandscapeRight";
				IPHONEOS_DEPLOYMENT_TARGET = 14.0;
				LD_RUNPATH_SEARCH_PATHS = (
					"$(inherited)",
					"@executable_path/Frameworks",
				);
				MARKETING_VERSION = 1.0;
				PRODUCT_BUNDLE_IDENTIFIER = "Rootz.Tenderize-It";
				PRODUCT_NAME = "Tenderize It";
				SDKROOT = iphoneos;
				SWIFT_EMIT_LOC_STRINGS = YES;
				SWIFT_VERSION = 5.0;
				TARGETED_DEVICE_FAMILY = "1,2";
				VALIDATE_PRODUCT = YES;
			};
			name = Release;
		};
		44DBF1032787B99F00131EC2 /* Debug */ = {
			isa = XCBuildConfiguration;
			buildSettings = {
				ASSETCATALOG_COMPILER_APPICON_NAME = AppIcon;
				ASSETCATALOG_COMPILER_GLOBAL_ACCENT_COLOR_NAME = AccentColor;
				CODE_SIGN_ENTITLEMENTS = macOS/macOS.entitlements;
				CODE_SIGN_STYLE = Automatic;
				COMBINE_HIDPI_IMAGES = YES;
				CURRENT_PROJECT_VERSION = 1;
				DEVELOPMENT_TEAM = 42PXLCUPV6;
				ENABLE_HARDENED_RUNTIME = YES;
				ENABLE_PREVIEWS = YES;
				GENERATE_INFOPLIST_FILE = YES;
				INFOPLIST_KEY_NSHumanReadableCopyright = "";
				LD_RUNPATH_SEARCH_PATHS = (
					"$(inherited)",
					"@executable_path/../Frameworks",
				);
				MACOSX_DEPLOYMENT_TARGET = 11.6;
				MARKETING_VERSION = 1.0;
				PRODUCT_BUNDLE_IDENTIFIER = "Rootz.Tenderize-It";
				PRODUCT_NAME = "Tenderize It";
				SDKROOT = macosx;
				SWIFT_EMIT_LOC_STRINGS = YES;
				SWIFT_VERSION = 5.0;
			};
			name = Debug;
		};
		44DBF1042787B99F00131EC2 /* Release */ = {
			isa = XCBuildConfiguration;
			buildSettings = {
				ASSETCATALOG_COMPILER_APPICON_NAME = AppIcon;
				ASSETCATALOG_COMPILER_GLOBAL_ACCENT_COLOR_NAME = AccentColor;
				CODE_SIGN_ENTITLEMENTS = macOS/macOS.entitlements;
				CODE_SIGN_STYLE = Automatic;
				COMBINE_HIDPI_IMAGES = YES;
				CURRENT_PROJECT_VERSION = 1;
				DEVELOPMENT_TEAM = 42PXLCUPV6;
				ENABLE_HARDENED_RUNTIME = YES;
				ENABLE_PREVIEWS = YES;
				GENERATE_INFOPLIST_FILE = YES;
				INFOPLIST_KEY_NSHumanReadableCopyright = "";
				LD_RUNPATH_SEARCH_PATHS = (
					"$(inherited)",
					"@executable_path/../Frameworks",
				);
				MACOSX_DEPLOYMENT_TARGET = 11.6;
				MARKETING_VERSION = 1.0;
				PRODUCT_BUNDLE_IDENTIFIER = "Rootz.Tenderize-It";
				PRODUCT_NAME = "Tenderize It";
				SDKROOT = macosx;
				SWIFT_EMIT_LOC_STRINGS = YES;
				SWIFT_VERSION = 5.0;
			};
			name = Release;
		};
		44DBF1062787B99F00131EC2 /* Debug */ = {
			isa = XCBuildConfiguration;
			buildSettings = {
				ALWAYS_EMBED_SWIFT_STANDARD_LIBRARIES = YES;
				CODE_SIGN_STYLE = Automatic;
				CURRENT_PROJECT_VERSION = 1;
				DEVELOPMENT_TEAM = 42PXLCUPV6;
				GENERATE_INFOPLIST_FILE = YES;
				IPHONEOS_DEPLOYMENT_TARGET = 15.2;
				MARKETING_VERSION = 1.0;
				PRODUCT_BUNDLE_IDENTIFIER = "Rootz.Tests-iOS";
				PRODUCT_NAME = "$(TARGET_NAME)";
				SDKROOT = iphoneos;
				SWIFT_EMIT_LOC_STRINGS = NO;
				SWIFT_VERSION = 5.0;
				TARGETED_DEVICE_FAMILY = "1,2";
				TEST_TARGET_NAME = "Tenderize It (iOS)";
			};
			name = Debug;
		};
		44DBF1072787B99F00131EC2 /* Release */ = {
			isa = XCBuildConfiguration;
			buildSettings = {
				ALWAYS_EMBED_SWIFT_STANDARD_LIBRARIES = YES;
				CODE_SIGN_STYLE = Automatic;
				CURRENT_PROJECT_VERSION = 1;
				DEVELOPMENT_TEAM = 42PXLCUPV6;
				GENERATE_INFOPLIST_FILE = YES;
				IPHONEOS_DEPLOYMENT_TARGET = 15.2;
				MARKETING_VERSION = 1.0;
				PRODUCT_BUNDLE_IDENTIFIER = "Rootz.Tests-iOS";
				PRODUCT_NAME = "$(TARGET_NAME)";
				SDKROOT = iphoneos;
				SWIFT_EMIT_LOC_STRINGS = NO;
				SWIFT_VERSION = 5.0;
				TARGETED_DEVICE_FAMILY = "1,2";
				TEST_TARGET_NAME = "Tenderize It (iOS)";
				VALIDATE_PRODUCT = YES;
			};
			name = Release;
		};
		44DBF1092787B99F00131EC2 /* Debug */ = {
			isa = XCBuildConfiguration;
			buildSettings = {
				ALWAYS_EMBED_SWIFT_STANDARD_LIBRARIES = YES;
				CODE_SIGN_STYLE = Automatic;
				CURRENT_PROJECT_VERSION = 1;
				DEVELOPMENT_TEAM = 42PXLCUPV6;
				GENERATE_INFOPLIST_FILE = YES;
				MACOSX_DEPLOYMENT_TARGET = 11.6;
				MARKETING_VERSION = 1.0;
				PRODUCT_BUNDLE_IDENTIFIER = "Rootz.Tests-macOS";
				PRODUCT_NAME = "$(TARGET_NAME)";
				SDKROOT = macosx;
				SWIFT_EMIT_LOC_STRINGS = NO;
				SWIFT_VERSION = 5.0;
				TEST_TARGET_NAME = "Tenderize It (macOS)";
			};
			name = Debug;
		};
		44DBF10A2787B99F00131EC2 /* Release */ = {
			isa = XCBuildConfiguration;
			buildSettings = {
				ALWAYS_EMBED_SWIFT_STANDARD_LIBRARIES = YES;
				CODE_SIGN_STYLE = Automatic;
				CURRENT_PROJECT_VERSION = 1;
				DEVELOPMENT_TEAM = 42PXLCUPV6;
				GENERATE_INFOPLIST_FILE = YES;
				MACOSX_DEPLOYMENT_TARGET = 11.6;
				MARKETING_VERSION = 1.0;
				PRODUCT_BUNDLE_IDENTIFIER = "Rootz.Tests-macOS";
				PRODUCT_NAME = "$(TARGET_NAME)";
				SDKROOT = macosx;
				SWIFT_EMIT_LOC_STRINGS = NO;
				SWIFT_VERSION = 5.0;
				TEST_TARGET_NAME = "Tenderize It (macOS)";
			};
			name = Release;
		};
/* End XCBuildConfiguration section */

/* Begin XCConfigurationList section */
		44DBF0CD2787B98D00131EC2 /* Build configuration list for PBXProject "Tenderize It" */ = {
			isa = XCConfigurationList;
			buildConfigurations = (
				44DBF0FD2787B99F00131EC2 /* Debug */,
				44DBF0FE2787B99F00131EC2 /* Release */,
			);
			defaultConfigurationIsVisible = 0;
			defaultConfigurationName = Release;
		};
		44DBF0FF2787B99F00131EC2 /* Build configuration list for PBXNativeTarget "Tenderize It (iOS)" */ = {
			isa = XCConfigurationList;
			buildConfigurations = (
				44DBF1002787B99F00131EC2 /* Debug */,
				44DBF1012787B99F00131EC2 /* Release */,
			);
			defaultConfigurationIsVisible = 0;
			defaultConfigurationName = Release;
		};
		44DBF1022787B99F00131EC2 /* Build configuration list for PBXNativeTarget "Tenderize It (macOS)" */ = {
			isa = XCConfigurationList;
			buildConfigurations = (
				44DBF1032787B99F00131EC2 /* Debug */,
				44DBF1042787B99F00131EC2 /* Release */,
			);
			defaultConfigurationIsVisible = 0;
			defaultConfigurationName = Release;
		};
		44DBF1052787B99F00131EC2 /* Build configuration list for PBXNativeTarget "Tests iOS" */ = {
			isa = XCConfigurationList;
			buildConfigurations = (
				44DBF1062787B99F00131EC2 /* Debug */,
				44DBF1072787B99F00131EC2 /* Release */,
			);
			defaultConfigurationIsVisible = 0;
			defaultConfigurationName = Release;
		};
		44DBF1082787B99F00131EC2 /* Build configuration list for PBXNativeTarget "Tests macOS" */ = {
			isa = XCConfigurationList;
			buildConfigurations = (
				44DBF1092787B99F00131EC2 /* Debug */,
				44DBF10A2787B99F00131EC2 /* Release */,
			);
			defaultConfigurationIsVisible = 0;
			defaultConfigurationName = Release;
		};
/* End XCConfigurationList section */
	};
	rootObject = 44DBF0CA2787B98D00131EC2 /* Project object */;
}
