// !$*UTF8*$!
{
	archiveVersion = 1;
	classes = {
	};
	objectVersion = 55;
	objects = {

/* Begin PBXBuildFile section */
		114368AAAE0A61C19657D539 /* Pods_Tenderize_It__macOS_.framework in Frameworks */ = {isa = PBXBuildFile; fileRef = 620A4B852ECC527B3CDAA481 /* Pods_Tenderize_It__macOS_.framework */; };
		4408FB482789388700D04245 /* StoreView.swift in Sources */ = {isa = PBXBuildFile; fileRef = 4408FB472789388600D04245 /* StoreView.swift */; };
		4408FB492789388700D04245 /* StoreView.swift in Sources */ = {isa = PBXBuildFile; fileRef = 4408FB472789388600D04245 /* StoreView.swift */; };
		44474A90278FD7C40003A4E2 /* TenderizeItChallenge.swift in Sources */ = {isa = PBXBuildFile; fileRef = 44474A8F278FD7C30003A4E2 /* TenderizeItChallenge.swift */; };
		44474A91278FD7C40003A4E2 /* TenderizeItChallenge.swift in Sources */ = {isa = PBXBuildFile; fileRef = 44474A8F278FD7C30003A4E2 /* TenderizeItChallenge.swift */; };
		447089392792840100397270 /* TextAlert.swift in Sources */ = {isa = PBXBuildFile; fileRef = 447089382792840000397270 /* TextAlert.swift */; };
		4470893A2792840100397270 /* TextAlert.swift in Sources */ = {isa = PBXBuildFile; fileRef = 447089382792840000397270 /* TextAlert.swift */; };
		4477873C278F837F00F7381E /* GoogleService-Info.plist in Resources */ = {isa = PBXBuildFile; fileRef = 4477873B278F837F00F7381E /* GoogleService-Info.plist */; };
		4477873D278F837F00F7381E /* GoogleService-Info.plist in Resources */ = {isa = PBXBuildFile; fileRef = 4477873B278F837F00F7381E /* GoogleService-Info.plist */; };
		44778750278F885D00F7381E /* TenderizeChall.swift in Sources */ = {isa = PBXBuildFile; fileRef = 4477874F278F885C00F7381E /* TenderizeChall.swift */; };
		44778751278F885D00F7381E /* TenderizeChall.swift in Sources */ = {isa = PBXBuildFile; fileRef = 4477874F278F885C00F7381E /* TenderizeChall.swift */; };
		44778753278F937300F7381E /* LeaderBoardEntry.swift in Sources */ = {isa = PBXBuildFile; fileRef = 44778752278F937300F7381E /* LeaderBoardEntry.swift */; };
		44778754278F937300F7381E /* LeaderBoardEntry.swift in Sources */ = {isa = PBXBuildFile; fileRef = 44778752278F937300F7381E /* LeaderBoardEntry.swift */; };
		44778757278F941100F7381E /* ViewModel.swift in Sources */ = {isa = PBXBuildFile; fileRef = 44778756278F941100F7381E /* ViewModel.swift */; };
		44778758278F941100F7381E /* ViewModel.swift in Sources */ = {isa = PBXBuildFile; fileRef = 44778756278F941100F7381E /* ViewModel.swift */; };
		4477875B278F9BA700F7381E /* FirebaseAnalytics in Frameworks */ = {isa = PBXBuildFile; productRef = 4477875A278F9BA700F7381E /* FirebaseAnalytics */; };
		4477875D278F9BA700F7381E /* FirebaseDatabase in Frameworks */ = {isa = PBXBuildFile; productRef = 4477875C278F9BA700F7381E /* FirebaseDatabase */; };
		4477875F278F9BA700F7381E /* FirebaseDatabaseSwift-Beta in Frameworks */ = {isa = PBXBuildFile; productRef = 4477875E278F9BA700F7381E /* FirebaseDatabaseSwift-Beta */; };
		44778761278F9BA700F7381E /* FirebaseDynamicLinks in Frameworks */ = {isa = PBXBuildFile; productRef = 44778760278F9BA700F7381E /* FirebaseDynamicLinks */; };
		44778763278F9BA700F7381E /* FirebaseFirestore in Frameworks */ = {isa = PBXBuildFile; productRef = 44778762278F9BA700F7381E /* FirebaseFirestore */; };
		44778765278F9BA700F7381E /* FirebaseFirestoreCombine-Community in Frameworks */ = {isa = PBXBuildFile; productRef = 44778764278F9BA700F7381E /* FirebaseFirestoreCombine-Community */; };
		44778767278F9BA700F7381E /* FirebaseFirestoreSwift-Beta in Frameworks */ = {isa = PBXBuildFile; productRef = 44778766278F9BA700F7381E /* FirebaseFirestoreSwift-Beta */; };
		44778769278F9BA700F7381E /* FirebaseFunctions in Frameworks */ = {isa = PBXBuildFile; productRef = 44778768278F9BA700F7381E /* FirebaseFunctions */; };
		4477876B278F9BA700F7381E /* FirebaseStorage in Frameworks */ = {isa = PBXBuildFile; productRef = 4477876A278F9BA700F7381E /* FirebaseStorage */; };
		4477876D278F9BA700F7381E /* FirebaseStorageCombine-Community in Frameworks */ = {isa = PBXBuildFile; productRef = 4477876C278F9BA700F7381E /* FirebaseStorageCombine-Community */; };
		448C07F3278D220B006C9DAB /* Banner.swift in Sources */ = {isa = PBXBuildFile; fileRef = 448C07F2278D220B006C9DAB /* Banner.swift */; };
		448C07F4278D220B006C9DAB /* Banner.swift in Sources */ = {isa = PBXBuildFile; fileRef = 448C07F2278D220B006C9DAB /* Banner.swift */; };
		44DBF0E82787B99F00131EC2 /* Tests_iOS.swift in Sources */ = {isa = PBXBuildFile; fileRef = 44DBF0E72787B99F00131EC2 /* Tests_iOS.swift */; };
		44DBF0EA2787B99F00131EC2 /* Tests_iOSLaunchTests.swift in Sources */ = {isa = PBXBuildFile; fileRef = 44DBF0E92787B99F00131EC2 /* Tests_iOSLaunchTests.swift */; };
		44DBF0F42787B99F00131EC2 /* Tests_macOS.swift in Sources */ = {isa = PBXBuildFile; fileRef = 44DBF0F32787B99F00131EC2 /* Tests_macOS.swift */; };
		44DBF0F62787B99F00131EC2 /* Tests_macOSLaunchTests.swift in Sources */ = {isa = PBXBuildFile; fileRef = 44DBF0F52787B99F00131EC2 /* Tests_macOSLaunchTests.swift */; };
		44DBF0F72787B99F00131EC2 /* Tenderize_ItApp.swift in Sources */ = {isa = PBXBuildFile; fileRef = 44DBF0CF2787B98F00131EC2 /* Tenderize_ItApp.swift */; };
		44DBF0F82787B99F00131EC2 /* Tenderize_ItApp.swift in Sources */ = {isa = PBXBuildFile; fileRef = 44DBF0CF2787B98F00131EC2 /* Tenderize_ItApp.swift */; };
		44DBF0F92787B99F00131EC2 /* ContentView.swift in Sources */ = {isa = PBXBuildFile; fileRef = 44DBF0D02787B98F00131EC2 /* ContentView.swift */; };
		44DBF0FA2787B99F00131EC2 /* ContentView.swift in Sources */ = {isa = PBXBuildFile; fileRef = 44DBF0D02787B98F00131EC2 /* ContentView.swift */; };
		44DBF0FB2787B99F00131EC2 /* Assets.xcassets in Resources */ = {isa = PBXBuildFile; fileRef = 44DBF0D12787B99F00131EC2 /* Assets.xcassets */; };
		44DBF0FC2787B99F00131EC2 /* Assets.xcassets in Resources */ = {isa = PBXBuildFile; fileRef = 44DBF0D12787B99F00131EC2 /* Assets.xcassets */; };
		44DBF10C2787CD7000131EC2 /* Sounds in Resources */ = {isa = PBXBuildFile; fileRef = 44DBF10B2787CD6F00131EC2 /* Sounds */; };
		44DBF10D2787CD7000131EC2 /* Sounds in Resources */ = {isa = PBXBuildFile; fileRef = 44DBF10B2787CD6F00131EC2 /* Sounds */; };
		44DBF1112787D8B700131EC2 /* AVFoundation.framework in Frameworks */ = {isa = PBXBuildFile; fileRef = 44DBF10F2787D8A900131EC2 /* AVFoundation.framework */; };
		44DBF1152787D99B00131EC2 /* Sounds.swift in Sources */ = {isa = PBXBuildFile; fileRef = 44DBF1142787D99B00131EC2 /* Sounds.swift */; };
		44DBF1162787D99C00131EC2 /* Sounds.swift in Sources */ = {isa = PBXBuildFile; fileRef = 44DBF1142787D99B00131EC2 /* Sounds.swift */; };
		44DBF1212787EF9900131EC2 /* Count.swift in Sources */ = {isa = PBXBuildFile; fileRef = 44DBF1202787EF9900131EC2 /* Count.swift */; };
		44DBF1222787EF9A00131EC2 /* Count.swift in Sources */ = {isa = PBXBuildFile; fileRef = 44DBF1202787EF9900131EC2 /* Count.swift */; };
		44DBF1272788186400131EC2 /* Beat.wav in Resources */ = {isa = PBXBuildFile; fileRef = 44DBF1262788186300131EC2 /* Beat.wav */; };
		44DBF1282788186400131EC2 /* Beat.wav in Resources */ = {isa = PBXBuildFile; fileRef = 44DBF1262788186300131EC2 /* Beat.wav */; };
		A016F3ECC2502B30064798C3 /* Pods_Tenderize_It__iOS_.framework in Frameworks */ = {isa = PBXBuildFile; fileRef = C78C54FBF6F8CED27405927D /* Pods_Tenderize_It__iOS_.framework */; };
/* End PBXBuildFile section */

/* Begin PBXContainerItemProxy section */
		44DBF0E42787B99F00131EC2 /* PBXContainerItemProxy */ = {
			isa = PBXContainerItemProxy;
			containerPortal = 44DBF0CA2787B98D00131EC2 /* Project object */;
			proxyType = 1;
			remoteGlobalIDString = 44DBF0D52787B99F00131EC2;
			remoteInfo = "Tenderize It (iOS)";
		};
		44DBF0F02787B99F00131EC2 /* PBXContainerItemProxy */ = {
			isa = PBXContainerItemProxy;
			containerPortal = 44DBF0CA2787B98D00131EC2 /* Project object */;
			proxyType = 1;
			remoteGlobalIDString = 44DBF0DB2787B99F00131EC2;
			remoteInfo = "Tenderize It (macOS)";
		};
/* End PBXContainerItemProxy section */

/* Begin PBXFileReference section */
		09FB73448BC201927CE6871F /* Pods-Tenderize It (macOS).debug.xcconfig */ = {isa = PBXFileReference; includeInIndex = 1; lastKnownFileType = text.xcconfig; name = "Pods-Tenderize It (macOS).debug.xcconfig"; path = "Target Support Files/Pods-Tenderize It (macOS)/Pods-Tenderize It (macOS).debug.xcconfig"; sourceTree = "<group>"; };
		4408FB472789388600D04245 /* StoreView.swift */ = {isa = PBXFileReference; lastKnownFileType = sourcecode.swift; path = StoreView.swift; sourceTree = "<group>"; };
		4408FB4A278CEE3F00D04245 /* Tenderize-It--iOS--Info.plist */ = {isa = PBXFileReference; lastKnownFileType = text.plist; path = "Tenderize-It--iOS--Info.plist"; sourceTree = "<group>"; };
		44474A8F278FD7C30003A4E2 /* TenderizeItChallenge.swift */ = {isa = PBXFileReference; lastKnownFileType = sourcecode.swift; path = TenderizeItChallenge.swift; sourceTree = "<group>"; };
		447089382792840000397270 /* TextAlert.swift */ = {isa = PBXFileReference; lastKnownFileType = sourcecode.swift; path = TextAlert.swift; sourceTree = "<group>"; };
		4477873B278F837F00F7381E /* GoogleService-Info.plist */ = {isa = PBXFileReference; fileEncoding = 4; lastKnownFileType = text.plist.xml; path = "GoogleService-Info.plist"; sourceTree = "<group>"; };
		4477874F278F885C00F7381E /* TenderizeChall.swift */ = {isa = PBXFileReference; lastKnownFileType = sourcecode.swift; path = TenderizeChall.swift; sourceTree = "<group>"; };
		44778752278F937300F7381E /* LeaderBoardEntry.swift */ = {isa = PBXFileReference; lastKnownFileType = sourcecode.swift; path = LeaderBoardEntry.swift; sourceTree = "<group>"; };
		44778756278F941100F7381E /* ViewModel.swift */ = {isa = PBXFileReference; lastKnownFileType = sourcecode.swift; path = ViewModel.swift; sourceTree = "<group>"; };
		448C07F2278D220B006C9DAB /* Banner.swift */ = {isa = PBXFileReference; lastKnownFileType = sourcecode.swift; path = Banner.swift; sourceTree = "<group>"; };
		44DBF0CF2787B98F00131EC2 /* Tenderize_ItApp.swift */ = {isa = PBXFileReference; lastKnownFileType = sourcecode.swift; path = Tenderize_ItApp.swift; sourceTree = "<group>"; };
		44DBF0D02787B98F00131EC2 /* ContentView.swift */ = {isa = PBXFileReference; lastKnownFileType = sourcecode.swift; path = ContentView.swift; sourceTree = "<group>"; };
		44DBF0D12787B99F00131EC2 /* Assets.xcassets */ = {isa = PBXFileReference; lastKnownFileType = folder.assetcatalog; path = Assets.xcassets; sourceTree = "<group>"; };
		44DBF0D62787B99F00131EC2 /* Tenderize It.app */ = {isa = PBXFileReference; explicitFileType = wrapper.application; includeInIndex = 0; path = "Tenderize It.app"; sourceTree = BUILT_PRODUCTS_DIR; };
		44DBF0DC2787B99F00131EC2 /* Tenderize It.app */ = {isa = PBXFileReference; explicitFileType = wrapper.application; includeInIndex = 0; path = "Tenderize It.app"; sourceTree = BUILT_PRODUCTS_DIR; };
		44DBF0DE2787B99F00131EC2 /* macOS.entitlements */ = {isa = PBXFileReference; lastKnownFileType = text.plist.entitlements; path = macOS.entitlements; sourceTree = "<group>"; };
		44DBF0E32787B99F00131EC2 /* Tests iOS.xctest */ = {isa = PBXFileReference; explicitFileType = wrapper.cfbundle; includeInIndex = 0; path = "Tests iOS.xctest"; sourceTree = BUILT_PRODUCTS_DIR; };
		44DBF0E72787B99F00131EC2 /* Tests_iOS.swift */ = {isa = PBXFileReference; lastKnownFileType = sourcecode.swift; path = Tests_iOS.swift; sourceTree = "<group>"; };
		44DBF0E92787B99F00131EC2 /* Tests_iOSLaunchTests.swift */ = {isa = PBXFileReference; lastKnownFileType = sourcecode.swift; path = Tests_iOSLaunchTests.swift; sourceTree = "<group>"; };
		44DBF0EF2787B99F00131EC2 /* Tests macOS.xctest */ = {isa = PBXFileReference; explicitFileType = wrapper.cfbundle; includeInIndex = 0; path = "Tests macOS.xctest"; sourceTree = BUILT_PRODUCTS_DIR; };
		44DBF0F32787B99F00131EC2 /* Tests_macOS.swift */ = {isa = PBXFileReference; lastKnownFileType = sourcecode.swift; path = Tests_macOS.swift; sourceTree = "<group>"; };
		44DBF0F52787B99F00131EC2 /* Tests_macOSLaunchTests.swift */ = {isa = PBXFileReference; lastKnownFileType = sourcecode.swift; path = Tests_macOSLaunchTests.swift; sourceTree = "<group>"; };
		44DBF10B2787CD6F00131EC2 /* Sounds */ = {isa = PBXFileReference; lastKnownFileType = folder; name = Sounds; path = ../../../Downloads/Sounds; sourceTree = "<group>"; };
		44DBF10F2787D8A900131EC2 /* AVFoundation.framework */ = {isa = PBXFileReference; lastKnownFileType = wrapper.framework; name = AVFoundation.framework; path = Platforms/iPhoneOS.platform/Developer/SDKs/iPhoneOS15.2.sdk/System/Library/Frameworks/AVFoundation.framework; sourceTree = DEVELOPER_DIR; };
		44DBF1142787D99B00131EC2 /* Sounds.swift */ = {isa = PBXFileReference; lastKnownFileType = sourcecode.swift; path = Sounds.swift; sourceTree = "<group>"; };
		44DBF1202787EF9900131EC2 /* Count.swift */ = {isa = PBXFileReference; lastKnownFileType = sourcecode.swift; path = Count.swift; sourceTree = "<group>"; };
		44DBF1262788186300131EC2 /* Beat.wav */ = {isa = PBXFileReference; lastKnownFileType = audio.wav; path = Beat.wav; sourceTree = "<group>"; };
		620A4B852ECC527B3CDAA481 /* Pods_Tenderize_It__macOS_.framework */ = {isa = PBXFileReference; explicitFileType = wrapper.framework; includeInIndex = 0; path = Pods_Tenderize_It__macOS_.framework; sourceTree = BUILT_PRODUCTS_DIR; };
		ADF0BEBA429448D6D1F89B77 /* Pods-Tenderize It (macOS).release.xcconfig */ = {isa = PBXFileReference; includeInIndex = 1; lastKnownFileType = text.xcconfig; name = "Pods-Tenderize It (macOS).release.xcconfig"; path = "Target Support Files/Pods-Tenderize It (macOS)/Pods-Tenderize It (macOS).release.xcconfig"; sourceTree = "<group>"; };
		B2A15240AD0FFFB42649D6CE /* Pods-Tenderize It (iOS).debug.xcconfig */ = {isa = PBXFileReference; includeInIndex = 1; lastKnownFileType = text.xcconfig; name = "Pods-Tenderize It (iOS).debug.xcconfig"; path = "Target Support Files/Pods-Tenderize It (iOS)/Pods-Tenderize It (iOS).debug.xcconfig"; sourceTree = "<group>"; };
		C78A52EADB683C53B93B3D70 /* Pods-Tenderize It (iOS).release.xcconfig */ = {isa = PBXFileReference; includeInIndex = 1; lastKnownFileType = text.xcconfig; name = "Pods-Tenderize It (iOS).release.xcconfig"; path = "Target Support Files/Pods-Tenderize It (iOS)/Pods-Tenderize It (iOS).release.xcconfig"; sourceTree = "<group>"; };
		C78C54FBF6F8CED27405927D /* Pods_Tenderize_It__iOS_.framework */ = {isa = PBXFileReference; explicitFileType = wrapper.framework; includeInIndex = 0; path = Pods_Tenderize_It__iOS_.framework; sourceTree = BUILT_PRODUCTS_DIR; };
/* End PBXFileReference section */

/* Begin PBXFrameworksBuildPhase section */
		44DBF0D32787B99F00131EC2 /* Frameworks */ = {
			isa = PBXFrameworksBuildPhase;
			buildActionMask = 2147483647;
			files = (
				4477875F278F9BA700F7381E /* FirebaseDatabaseSwift-Beta in Frameworks */,
				44778765278F9BA700F7381E /* FirebaseFirestoreCombine-Community in Frameworks */,
				44DBF1112787D8B700131EC2 /* AVFoundation.framework in Frameworks */,
				A016F3ECC2502B30064798C3 /* Pods_Tenderize_It__iOS_.framework in Frameworks */,
				4477875D278F9BA700F7381E /* FirebaseDatabase in Frameworks */,
				4477875B278F9BA700F7381E /* FirebaseAnalytics in Frameworks */,
				44778767278F9BA700F7381E /* FirebaseFirestoreSwift-Beta in Frameworks */,
				44778769278F9BA700F7381E /* FirebaseFunctions in Frameworks */,
				4477876B278F9BA700F7381E /* FirebaseStorage in Frameworks */,
				44778761278F9BA700F7381E /* FirebaseDynamicLinks in Frameworks */,
				4477876D278F9BA700F7381E /* FirebaseStorageCombine-Community in Frameworks */,
				44778763278F9BA700F7381E /* FirebaseFirestore in Frameworks */,
			);
			runOnlyForDeploymentPostprocessing = 0;
		};
		44DBF0D92787B99F00131EC2 /* Frameworks */ = {
			isa = PBXFrameworksBuildPhase;
			buildActionMask = 2147483647;
			files = (
				114368AAAE0A61C19657D539 /* Pods_Tenderize_It__macOS_.framework in Frameworks */,
			);
			runOnlyForDeploymentPostprocessing = 0;
		};
		44DBF0E02787B99F00131EC2 /* Frameworks */ = {
			isa = PBXFrameworksBuildPhase;
			buildActionMask = 2147483647;
			files = (
			);
			runOnlyForDeploymentPostprocessing = 0;
		};
		44DBF0EC2787B99F00131EC2 /* Frameworks */ = {
			isa = PBXFrameworksBuildPhase;
			buildActionMask = 2147483647;
			files = (
			);
			runOnlyForDeploymentPostprocessing = 0;
		};
/* End PBXFrameworksBuildPhase section */

/* Begin PBXGroup section */
		0B278333FEB6E212CD0FEF08 /* Pods */ = {
			isa = PBXGroup;
			children = (
				B2A15240AD0FFFB42649D6CE /* Pods-Tenderize It (iOS).debug.xcconfig */,
				C78A52EADB683C53B93B3D70 /* Pods-Tenderize It (iOS).release.xcconfig */,
				09FB73448BC201927CE6871F /* Pods-Tenderize It (macOS).debug.xcconfig */,
				ADF0BEBA429448D6D1F89B77 /* Pods-Tenderize It (macOS).release.xcconfig */,
			);
			path = Pods;
			sourceTree = "<group>";
		};
		44778755278F93DE00F7381E /* Database */ = {
			isa = PBXGroup;
			children = (
				44778752278F937300F7381E /* LeaderBoardEntry.swift */,
				4477874F278F885C00F7381E /* TenderizeChall.swift */,
				447089382792840000397270 /* TextAlert.swift */,
				44778756278F941100F7381E /* ViewModel.swift */,
			);
			path = Database;
			sourceTree = "<group>";
		};
		44DBF0C92787B98D00131EC2 = {
			isa = PBXGroup;
			children = (
				4408FB4A278CEE3F00D04245 /* Tenderize-It--iOS--Info.plist */,
				44DBF0CE2787B98F00131EC2 /* Shared */,
				44DBF0DD2787B99F00131EC2 /* macOS */,
				44DBF0E62787B99F00131EC2 /* Tests iOS */,
				44DBF0F22787B99F00131EC2 /* Tests macOS */,
				44DBF0D72787B99F00131EC2 /* Products */,
				44DBF10E2787D8A500131EC2 /* Frameworks */,
				0B278333FEB6E212CD0FEF08 /* Pods */,
			);
			sourceTree = "<group>";
		};
		44DBF0CE2787B98F00131EC2 /* Shared */ = {
			isa = PBXGroup;
			children = (
				4477873B278F837F00F7381E /* GoogleService-Info.plist */,
				44DBF10B2787CD6F00131EC2 /* Sounds */,
				44DBF0CF2787B98F00131EC2 /* Tenderize_ItApp.swift */,
				44778755278F93DE00F7381E /* Database */,
				44DBF0D02787B98F00131EC2 /* ContentView.swift */,
				44474A8F278FD7C30003A4E2 /* TenderizeItChallenge.swift */,
				44DBF1262788186300131EC2 /* Beat.wav */,
				44DBF0D12787B99F00131EC2 /* Assets.xcassets */,
				44DBF1142787D99B00131EC2 /* Sounds.swift */,
				44DBF1202787EF9900131EC2 /* Count.swift */,
				4408FB472789388600D04245 /* StoreView.swift */,
				448C07F2278D220B006C9DAB /* Banner.swift */,
			);
			path = Shared;
			sourceTree = "<group>";
		};
		44DBF0D72787B99F00131EC2 /* Products */ = {
			isa = PBXGroup;
			children = (
				44DBF0D62787B99F00131EC2 /* Tenderize It.app */,
				44DBF0DC2787B99F00131EC2 /* Tenderize It.app */,
				44DBF0E32787B99F00131EC2 /* Tests iOS.xctest */,
				44DBF0EF2787B99F00131EC2 /* Tests macOS.xctest */,
			);
			name = Products;
			sourceTree = "<group>";
		};
		44DBF0DD2787B99F00131EC2 /* macOS */ = {
			isa = PBXGroup;
			children = (
				44DBF0DE2787B99F00131EC2 /* macOS.entitlements */,
			);
			path = macOS;
			sourceTree = "<group>";
		};
		44DBF0E62787B99F00131EC2 /* Tests iOS */ = {
			isa = PBXGroup;
			children = (
				44DBF0E72787B99F00131EC2 /* Tests_iOS.swift */,
				44DBF0E92787B99F00131EC2 /* Tests_iOSLaunchTests.swift */,
			);
			path = "Tests iOS";
			sourceTree = "<group>";
		};
		44DBF0F22787B99F00131EC2 /* Tests macOS */ = {
			isa = PBXGroup;
			children = (
				44DBF0F32787B99F00131EC2 /* Tests_macOS.swift */,
				44DBF0F52787B99F00131EC2 /* Tests_macOSLaunchTests.swift */,
			);
			path = "Tests macOS";
			sourceTree = "<group>";
		};
		44DBF10E2787D8A500131EC2 /* Frameworks */ = {
			isa = PBXGroup;
			children = (
				44DBF10F2787D8A900131EC2 /* AVFoundation.framework */,
				C78C54FBF6F8CED27405927D /* Pods_Tenderize_It__iOS_.framework */,
				620A4B852ECC527B3CDAA481 /* Pods_Tenderize_It__macOS_.framework */,
			);
			name = Frameworks;
			sourceTree = "<group>";
		};
/* End PBXGroup section */

/* Begin PBXNativeTarget section */
		44DBF0D52787B99F00131EC2 /* Tenderize It (iOS) */ = {
			isa = PBXNativeTarget;
			buildConfigurationList = 44DBF0FF2787B99F00131EC2 /* Build configuration list for PBXNativeTarget "Tenderize It (iOS)" */;
			buildPhases = (
				378B78E197E40BD34DF4E391 /* [CP] Check Pods Manifest.lock */,
				44DBF0D22787B99F00131EC2 /* Sources */,
				44DBF0D32787B99F00131EC2 /* Frameworks */,
				44DBF0D42787B99F00131EC2 /* Resources */,
				1E00A2EA783EE2CC50857F33 /* [CP] Embed Pods Frameworks */,
			);
			buildRules = (
			);
			dependencies = (
			);
			name = "Tenderize It (iOS)";
			packageProductDependencies = (
				4477875A278F9BA700F7381E /* FirebaseAnalytics */,
				4477875C278F9BA700F7381E /* FirebaseDatabase */,
				4477875E278F9BA700F7381E /* FirebaseDatabaseSwift-Beta */,
				44778760278F9BA700F7381E /* FirebaseDynamicLinks */,
				44778762278F9BA700F7381E /* FirebaseFirestore */,
				44778764278F9BA700F7381E /* FirebaseFirestoreCombine-Community */,
				44778766278F9BA700F7381E /* FirebaseFirestoreSwift-Beta */,
				44778768278F9BA700F7381E /* FirebaseFunctions */,
				4477876A278F9BA700F7381E /* FirebaseStorage */,
				4477876C278F9BA700F7381E /* FirebaseStorageCombine-Community */,
			);
			productName = "Tenderize It (iOS)";
			productReference = 44DBF0D62787B99F00131EC2 /* Tenderize It.app */;
			productType = "com.apple.product-type.application";
		};
		44DBF0DB2787B99F00131EC2 /* Tenderize It (macOS) */ = {
			isa = PBXNativeTarget;
			buildConfigurationList = 44DBF1022787B99F00131EC2 /* Build configuration list for PBXNativeTarget "Tenderize It (macOS)" */;
			buildPhases = (
				463909793DFC6291ED09D4DE /* [CP] Check Pods Manifest.lock */,
				44DBF0D82787B99F00131EC2 /* Sources */,
				44DBF0D92787B99F00131EC2 /* Frameworks */,
				44DBF0DA2787B99F00131EC2 /* Resources */,
			);
			buildRules = (
			);
			dependencies = (
			);
			name = "Tenderize It (macOS)";
			productName = "Tenderize It (macOS)";
			productReference = 44DBF0DC2787B99F00131EC2 /* Tenderize It.app */;
			productType = "com.apple.product-type.application";
		};
		44DBF0E22787B99F00131EC2 /* Tests iOS */ = {
			isa = PBXNativeTarget;
			buildConfigurationList = 44DBF1052787B99F00131EC2 /* Build configuration list for PBXNativeTarget "Tests iOS" */;
			buildPhases = (
				44DBF0DF2787B99F00131EC2 /* Sources */,
				44DBF0E02787B99F00131EC2 /* Frameworks */,
				44DBF0E12787B99F00131EC2 /* Resources */,
			);
			buildRules = (
			);
			dependencies = (
				44DBF0E52787B99F00131EC2 /* PBXTargetDependency */,
			);
			name = "Tests iOS";
			productName = "Tests iOS";
			productReference = 44DBF0E32787B99F00131EC2 /* Tests iOS.xctest */;
			productType = "com.apple.product-type.bundle.ui-testing";
		};
		44DBF0EE2787B99F00131EC2 /* Tests macOS */ = {
			isa = PBXNativeTarget;
			buildConfigurationList = 44DBF1082787B99F00131EC2 /* Build configuration list for PBXNativeTarget "Tests macOS" */;
			buildPhases = (
				44DBF0EB2787B99F00131EC2 /* Sources */,
				44DBF0EC2787B99F00131EC2 /* Frameworks */,
				44DBF0ED2787B99F00131EC2 /* Resources */,
			);
			buildRules = (
			);
			dependencies = (
				44DBF0F12787B99F00131EC2 /* PBXTargetDependency */,
			);
			name = "Tests macOS";
			productName = "Tests macOS";
			productReference = 44DBF0EF2787B99F00131EC2 /* Tests macOS.xctest */;
			productType = "com.apple.product-type.bundle.ui-testing";
		};
/* End PBXNativeTarget section */

/* Begin PBXProject section */
		44DBF0CA2787B98D00131EC2 /* Project object */ = {
			isa = PBXProject;
			attributes = {
				BuildIndependentTargetsInParallel = 1;
				LastSwiftUpdateCheck = 1320;
				LastUpgradeCheck = 1320;
				TargetAttributes = {
					44DBF0D52787B99F00131EC2 = {
						CreatedOnToolsVersion = 13.2.1;
					};
					44DBF0DB2787B99F00131EC2 = {
						CreatedOnToolsVersion = 13.2.1;
					};
					44DBF0E22787B99F00131EC2 = {
						CreatedOnToolsVersion = 13.2.1;
						TestTargetID = 44DBF0D52787B99F00131EC2;
					};
					44DBF0EE2787B99F00131EC2 = {
						CreatedOnToolsVersion = 13.2.1;
						TestTargetID = 44DBF0DB2787B99F00131EC2;
					};
				};
			};
			buildConfigurationList = 44DBF0CD2787B98D00131EC2 /* Build configuration list for PBXProject "Tenderize It" */;
			compatibilityVersion = "Xcode 13.0";
			developmentRegion = en;
			hasScannedForEncodings = 0;
			knownRegions = (
				en,
				Base,
			);
			mainGroup = 44DBF0C92787B98D00131EC2;
			packageReferences = (
				44778759278F9BA700F7381E /* XCRemoteSwiftPackageReference "firebase-ios-sdk" */,
			);
			productRefGroup = 44DBF0D72787B99F00131EC2 /* Products */;
			projectDirPath = "";
			projectRoot = "";
			targets = (
				44DBF0D52787B99F00131EC2 /* Tenderize It (iOS) */,
				44DBF0DB2787B99F00131EC2 /* Tenderize It (macOS) */,
				44DBF0E22787B99F00131EC2 /* Tests iOS */,
				44DBF0EE2787B99F00131EC2 /* Tests macOS */,
			);
		};
/* End PBXProject section */

/* Begin PBXResourcesBuildPhase section */
		44DBF0D42787B99F00131EC2 /* Resources */ = {
			isa = PBXResourcesBuildPhase;
			buildActionMask = 2147483647;
			files = (
				44DBF10C2787CD7000131EC2 /* Sounds in Resources */,
				4477873C278F837F00F7381E /* GoogleService-Info.plist in Resources */,
				44DBF1272788186400131EC2 /* Beat.wav in Resources */,
				44DBF0FB2787B99F00131EC2 /* Assets.xcassets in Resources */,
			);
			runOnlyForDeploymentPostprocessing = 0;
		};
		44DBF0DA2787B99F00131EC2 /* Resources */ = {
			isa = PBXResourcesBuildPhase;
			buildActionMask = 2147483647;
			files = (
				44DBF10D2787CD7000131EC2 /* Sounds in Resources */,
				4477873D278F837F00F7381E /* GoogleService-Info.plist in Resources */,
				44DBF1282788186400131EC2 /* Beat.wav in Resources */,
				44DBF0FC2787B99F00131EC2 /* Assets.xcassets in Resources */,
			);
			runOnlyForDeploymentPostprocessing = 0;
		};
		44DBF0E12787B99F00131EC2 /* Resources */ = {
			isa = PBXResourcesBuildPhase;
			buildActionMask = 2147483647;
			files = (
			);
			runOnlyForDeploymentPostprocessing = 0;
		};
		44DBF0ED2787B99F00131EC2 /* Resources */ = {
			isa = PBXResourcesBuildPhase;
			buildActionMask = 2147483647;
			files = (
			);
			runOnlyForDeploymentPostprocessing = 0;
		};
/* End PBXResourcesBuildPhase section */

/* Begin PBXShellScriptBuildPhase section */
		1E00A2EA783EE2CC50857F33 /* [CP] Embed Pods Frameworks */ = {
			isa = PBXShellScriptBuildPhase;
			buildActionMask = 2147483647;
			files = (
			);
			inputFileListPaths = (
				"${PODS_ROOT}/Target Support Files/Pods-Tenderize It (iOS)/Pods-Tenderize It (iOS)-frameworks-${CONFIGURATION}-input-files.xcfilelist",
			);
			name = "[CP] Embed Pods Frameworks";
			outputFileListPaths = (
				"${PODS_ROOT}/Target Support Files/Pods-Tenderize It (iOS)/Pods-Tenderize It (iOS)-frameworks-${CONFIGURATION}-output-files.xcfilelist",
			);
			runOnlyForDeploymentPostprocessing = 0;
			shellPath = /bin/sh;
			shellScript = "\"${PODS_ROOT}/Target Support Files/Pods-Tenderize It (iOS)/Pods-Tenderize It (iOS)-frameworks.sh\"\n";
			showEnvVarsInLog = 0;
		};
		378B78E197E40BD34DF4E391 /* [CP] Check Pods Manifest.lock */ = {
			isa = PBXShellScriptBuildPhase;
			buildActionMask = 2147483647;
			files = (
			);
			inputFileListPaths = (
			);
			inputPaths = (
				"${PODS_PODFILE_DIR_PATH}/Podfile.lock",
				"${PODS_ROOT}/Manifest.lock",
			);
			name = "[CP] Check Pods Manifest.lock";
			outputFileListPaths = (
			);
			outputPaths = (
				"$(DERIVED_FILE_DIR)/Pods-Tenderize It (iOS)-checkManifestLockResult.txt",
			);
			runOnlyForDeploymentPostprocessing = 0;
			shellPath = /bin/sh;
			shellScript = "diff \"${PODS_PODFILE_DIR_PATH}/Podfile.lock\" \"${PODS_ROOT}/Manifest.lock\" > /dev/null\nif [ $? != 0 ] ; then\n    # print error to STDERR\n    echo \"error: The sandbox is not in sync with the Podfile.lock. Run 'pod install' or update your CocoaPods installation.\" >&2\n    exit 1\nfi\n# This output is used by Xcode 'outputs' to avoid re-running this script phase.\necho \"SUCCESS\" > \"${SCRIPT_OUTPUT_FILE_0}\"\n";
			showEnvVarsInLog = 0;
		};
		463909793DFC6291ED09D4DE /* [CP] Check Pods Manifest.lock */ = {
			isa = PBXShellScriptBuildPhase;
			buildActionMask = 2147483647;
			files = (
			);
			inputFileListPaths = (
			);
			inputPaths = (
				"${PODS_PODFILE_DIR_PATH}/Podfile.lock",
				"${PODS_ROOT}/Manifest.lock",
			);
			name = "[CP] Check Pods Manifest.lock";
			outputFileListPaths = (
			);
			outputPaths = (
				"$(DERIVED_FILE_DIR)/Pods-Tenderize It (macOS)-checkManifestLockResult.txt",
			);
			runOnlyForDeploymentPostprocessing = 0;
			shellPath = /bin/sh;
			shellScript = "diff \"${PODS_PODFILE_DIR_PATH}/Podfile.lock\" \"${PODS_ROOT}/Manifest.lock\" > /dev/null\nif [ $? != 0 ] ; then\n    # print error to STDERR\n    echo \"error: The sandbox is not in sync with the Podfile.lock. Run 'pod install' or update your CocoaPods installation.\" >&2\n    exit 1\nfi\n# This output is used by Xcode 'outputs' to avoid re-running this script phase.\necho \"SUCCESS\" > \"${SCRIPT_OUTPUT_FILE_0}\"\n";
			showEnvVarsInLog = 0;
		};
/* End PBXShellScriptBuildPhase section */

/* Begin PBXSourcesBuildPhase section */
		44DBF0D22787B99F00131EC2 /* Sources */ = {
			isa = PBXSourcesBuildPhase;
			buildActionMask = 2147483647;
			files = (
				447089392792840100397270 /* TextAlert.swift in Sources */,
				44778753278F937300F7381E /* LeaderBoardEntry.swift in Sources */,
				44778757278F941100F7381E /* ViewModel.swift in Sources */,
				44DBF1152787D99B00131EC2 /* Sounds.swift in Sources */,
				44474A90278FD7C40003A4E2 /* TenderizeItChallenge.swift in Sources */,
				44DBF0F92787B99F00131EC2 /* ContentView.swift in Sources */,
				44DBF0F72787B99F00131EC2 /* Tenderize_ItApp.swift in Sources */,
				4408FB482789388700D04245 /* StoreView.swift in Sources */,
				44DBF1212787EF9900131EC2 /* Count.swift in Sources */,
				448C07F3278D220B006C9DAB /* Banner.swift in Sources */,
				44778750278F885D00F7381E /* TenderizeChall.swift in Sources */,
			);
			runOnlyForDeploymentPostprocessing = 0;
		};
		44DBF0D82787B99F00131EC2 /* Sources */ = {
			isa = PBXSourcesBuildPhase;
			buildActionMask = 2147483647;
			files = (
				4470893A2792840100397270 /* TextAlert.swift in Sources */,
				44778754278F937300F7381E /* LeaderBoardEntry.swift in Sources */,
				44778758278F941100F7381E /* ViewModel.swift in Sources */,
				44DBF1162787D99C00131EC2 /* Sounds.swift in Sources */,
				44474A91278FD7C40003A4E2 /* TenderizeItChallenge.swift in Sources */,
				44DBF0FA2787B99F00131EC2 /* ContentView.swift in Sources */,
				44DBF0F82787B99F00131EC2 /* Tenderize_ItApp.swift in Sources */,
				4408FB492789388700D04245 /* StoreView.swift in Sources */,
				44DBF1222787EF9A00131EC2 /* Count.swift in Sources */,
				448C07F4278D220B006C9DAB /* Banner.swift in Sources */,
				44778751278F885D00F7381E /* TenderizeChall.swift in Sources */,
			);
			runOnlyForDeploymentPostprocessing = 0;
		};
		44DBF0DF2787B99F00131EC2 /* Sources */ = {
			isa = PBXSourcesBuildPhase;
			buildActionMask = 2147483647;
			files = (
				44DBF0EA2787B99F00131EC2 /* Tests_iOSLaunchTests.swift in Sources */,
				44DBF0E82787B99F00131EC2 /* Tests_iOS.swift in Sources */,
			);
			runOnlyForDeploymentPostprocessing = 0;
		};
		44DBF0EB2787B99F00131EC2 /* Sources */ = {
			isa = PBXSourcesBuildPhase;
			buildActionMask = 2147483647;
			files = (
				44DBF0F62787B99F00131EC2 /* Tests_macOSLaunchTests.swift in Sources */,
				44DBF0F42787B99F00131EC2 /* Tests_macOS.swift in Sources */,
			);
			runOnlyForDeploymentPostprocessing = 0;
		};
/* End PBXSourcesBuildPhase section */

/* Begin PBXTargetDependency section */
		44DBF0E52787B99F00131EC2 /* PBXTargetDependency */ = {
			isa = PBXTargetDependency;
			target = 44DBF0D52787B99F00131EC2 /* Tenderize It (iOS) */;
			targetProxy = 44DBF0E42787B99F00131EC2 /* PBXContainerItemProxy */;
		};
		44DBF0F12787B99F00131EC2 /* PBXTargetDependency */ = {
			isa = PBXTargetDependency;
			target = 44DBF0DB2787B99F00131EC2 /* Tenderize It (macOS) */;
			targetProxy = 44DBF0F02787B99F00131EC2 /* PBXContainerItemProxy */;
		};
/* End PBXTargetDependency section */

/* Begin XCBuildConfiguration section */
		44DBF0FD2787B99F00131EC2 /* Debug */ = {
			isa = XCBuildConfiguration;
			buildSettings = {
				ALWAYS_SEARCH_USER_PATHS = NO;
				CLANG_ANALYZER_NONNULL = YES;
				CLANG_ANALYZER_NUMBER_OBJECT_CONVERSION = YES_AGGRESSIVE;
				CLANG_CXX_LANGUAGE_STANDARD = "gnu++17";
				CLANG_CXX_LIBRARY = "libc++";
				CLANG_ENABLE_MODULES = YES;
				CLANG_ENABLE_OBJC_ARC = YES;
				CLANG_ENABLE_OBJC_WEAK = YES;
				CLANG_WARN_BLOCK_CAPTURE_AUTORELEASING = YES;
				CLANG_WARN_BOOL_CONVERSION = YES;
				CLANG_WARN_COMMA = YES;
				CLANG_WARN_CONSTANT_CONVERSION = YES;
				CLANG_WARN_DEPRECATED_OBJC_IMPLEMENTATIONS = YES;
				CLANG_WARN_DIRECT_OBJC_ISA_USAGE = YES_ERROR;
				CLANG_WARN_DOCUMENTATION_COMMENTS = YES;
				CLANG_WARN_EMPTY_BODY = YES;
				CLANG_WARN_ENUM_CONVERSION = YES;
				CLANG_WARN_INFINITE_RECURSION = YES;
				CLANG_WARN_INT_CONVERSION = YES;
				CLANG_WARN_NON_LITERAL_NULL_CONVERSION = YES;
				CLANG_WARN_OBJC_IMPLICIT_RETAIN_SELF = YES;
				CLANG_WARN_OBJC_LITERAL_CONVERSION = YES;
				CLANG_WARN_OBJC_ROOT_CLASS = YES_ERROR;
				CLANG_WARN_QUOTED_INCLUDE_IN_FRAMEWORK_HEADER = YES;
				CLANG_WARN_RANGE_LOOP_ANALYSIS = YES;
				CLANG_WARN_STRICT_PROTOTYPES = YES;
				CLANG_WARN_SUSPICIOUS_MOVE = YES;
				CLANG_WARN_UNGUARDED_AVAILABILITY = YES_AGGRESSIVE;
				CLANG_WARN_UNREACHABLE_CODE = YES;
				CLANG_WARN__DUPLICATE_METHOD_MATCH = YES;
				COPY_PHASE_STRIP = NO;
				DEBUG_INFORMATION_FORMAT = dwarf;
				ENABLE_STRICT_OBJC_MSGSEND = YES;
				ENABLE_TESTABILITY = YES;
				GCC_C_LANGUAGE_STANDARD = gnu11;
				GCC_DYNAMIC_NO_PIC = NO;
				GCC_NO_COMMON_BLOCKS = YES;
				GCC_OPTIMIZATION_LEVEL = 0;
				GCC_PREPROCESSOR_DEFINITIONS = (
					"DEBUG=1",
					"$(inherited)",
				);
				GCC_WARN_64_TO_32_BIT_CONVERSION = YES;
				GCC_WARN_ABOUT_RETURN_TYPE = YES_ERROR;
				GCC_WARN_UNDECLARED_SELECTOR = YES;
				GCC_WARN_UNINITIALIZED_AUTOS = YES_AGGRESSIVE;
				GCC_WARN_UNUSED_FUNCTION = YES;
				GCC_WARN_UNUSED_VARIABLE = YES;
				MTL_ENABLE_DEBUG_INFO = INCLUDE_SOURCE;
				MTL_FAST_MATH = YES;
				ONLY_ACTIVE_ARCH = YES;
				SWIFT_ACTIVE_COMPILATION_CONDITIONS = DEBUG;
				SWIFT_OPTIMIZATION_LEVEL = "-Onone";
			};
			name = Debug;
		};
		44DBF0FE2787B99F00131EC2 /* Release */ = {
			isa = XCBuildConfiguration;
			buildSettings = {
				ALWAYS_SEARCH_USER_PATHS = NO;
				CLANG_ANALYZER_NONNULL = YES;
				CLANG_ANALYZER_NUMBER_OBJECT_CONVERSION = YES_AGGRESSIVE;
				CLANG_CXX_LANGUAGE_STANDARD = "gnu++17";
				CLANG_CXX_LIBRARY = "libc++";
				CLANG_ENABLE_MODULES = YES;
				CLANG_ENABLE_OBJC_ARC = YES;
				CLANG_ENABLE_OBJC_WEAK = YES;
				CLANG_WARN_BLOCK_CAPTURE_AUTORELEASING = YES;
				CLANG_WARN_BOOL_CONVERSION = YES;
				CLANG_WARN_COMMA = YES;
				CLANG_WARN_CONSTANT_CONVERSION = YES;
				CLANG_WARN_DEPRECATED_OBJC_IMPLEMENTATIONS = YES;
				CLANG_WARN_DIRECT_OBJC_ISA_USAGE = YES_ERROR;
				CLANG_WARN_DOCUMENTATION_COMMENTS = YES;
				CLANG_WARN_EMPTY_BODY = YES;
				CLANG_WARN_ENUM_CONVERSION = YES;
				CLANG_WARN_INFINITE_RECURSION = YES;
				CLANG_WARN_INT_CONVERSION = YES;
				CLANG_WARN_NON_LITERAL_NULL_CONVERSION = YES;
				CLANG_WARN_OBJC_IMPLICIT_RETAIN_SELF = YES;
				CLANG_WARN_OBJC_LITERAL_CONVERSION = YES;
				CLANG_WARN_OBJC_ROOT_CLASS = YES_ERROR;
				CLANG_WARN_QUOTED_INCLUDE_IN_FRAMEWORK_HEADER = YES;
				CLANG_WARN_RANGE_LOOP_ANALYSIS = YES;
				CLANG_WARN_STRICT_PROTOTYPES = YES;
				CLANG_WARN_SUSPICIOUS_MOVE = YES;
				CLANG_WARN_UNGUARDED_AVAILABILITY = YES_AGGRESSIVE;
				CLANG_WARN_UNREACHABLE_CODE = YES;
				CLANG_WARN__DUPLICATE_METHOD_MATCH = YES;
				COPY_PHASE_STRIP = NO;
				DEBUG_INFORMATION_FORMAT = "dwarf-with-dsym";
				ENABLE_NS_ASSERTIONS = NO;
				ENABLE_STRICT_OBJC_MSGSEND = YES;
				GCC_C_LANGUAGE_STANDARD = gnu11;
				GCC_NO_COMMON_BLOCKS = YES;
				GCC_WARN_64_TO_32_BIT_CONVERSION = YES;
				GCC_WARN_ABOUT_RETURN_TYPE = YES_ERROR;
				GCC_WARN_UNDECLARED_SELECTOR = YES;
				GCC_WARN_UNINITIALIZED_AUTOS = YES_AGGRESSIVE;
				GCC_WARN_UNUSED_FUNCTION = YES;
				GCC_WARN_UNUSED_VARIABLE = YES;
				MTL_ENABLE_DEBUG_INFO = NO;
				MTL_FAST_MATH = YES;
				SWIFT_COMPILATION_MODE = wholemodule;
				SWIFT_OPTIMIZATION_LEVEL = "-O";
			};
			name = Release;
		};
		44DBF1002787B99F00131EC2 /* Debug */ = {
			isa = XCBuildConfiguration;
			baseConfigurationReference = B2A15240AD0FFFB42649D6CE /* Pods-Tenderize It (iOS).debug.xcconfig */;
			buildSettings = {
				ASSETCATALOG_COMPILER_APPICON_NAME = AppIcon;
				ASSETCATALOG_COMPILER_GLOBAL_ACCENT_COLOR_NAME = AccentColor;
				ASSETCATALOG_COMPILER_INCLUDE_ALL_APPICON_ASSETS = YES;
				CODE_SIGN_STYLE = Automatic;
				CURRENT_PROJECT_VERSION = 3;
				DEVELOPMENT_TEAM = 42PXLCUPV6;
				ENABLE_PREVIEWS = YES;
				GENERATE_INFOPLIST_FILE = YES;
				INFOPLIST_FILE = "Tenderize-It--iOS--Info.plist";
				INFOPLIST_KEY_UIApplicationSceneManifest_Generation = YES;
				INFOPLIST_KEY_UIApplicationSupportsIndirectInputEvents = YES;
				INFOPLIST_KEY_UILaunchScreen_Generation = YES;
				INFOPLIST_KEY_UISupportedInterfaceOrientations = UIInterfaceOrientationPortrait;
				INFOPLIST_KEY_UISupportedInterfaceOrientations_iPad = "UIInterfaceOrientationPortrait UIInterfaceOrientationPortraitUpsideDown UIInterfaceOrientationLandscapeLeft UIInterfaceOrientationLandscapeRight";
				INFOPLIST_KEY_UISupportedInterfaceOrientations_iPhone = UIInterfaceOrientationPortrait;
				IPHONEOS_DEPLOYMENT_TARGET = 14.0;
				LD_RUNPATH_SEARCH_PATHS = (
					"$(inherited)",
					"@executable_path/Frameworks",
				);
				MARKETING_VERSION = 1.11;
				PRODUCT_BUNDLE_IDENTIFIER = "Rootz.Tenderize-It";
				PRODUCT_NAME = "Tenderize It";
				SDKROOT = iphoneos;
				SWIFT_EMIT_LOC_STRINGS = YES;
				SWIFT_VERSION = 5.0;
				TARGETED_DEVICE_FAMILY = "1,2";
				VALIDATE_PRODUCT = YES;
			};
			name = Debug;
		};
		44DBF1012787B99F00131EC2 /* Release */ = {
			isa = XCBuildConfiguration;
			baseConfigurationReference = C78A52EADB683C53B93B3D70 /* Pods-Tenderize It (iOS).release.xcconfig */;
			buildSettings = {
				ASSETCATALOG_COMPILER_APPICON_NAME = AppIcon;
				ASSETCATALOG_COMPILER_GLOBAL_ACCENT_COLOR_NAME = AccentColor;
				ASSETCATALOG_COMPILER_INCLUDE_ALL_APPICON_ASSETS = YES;
				CODE_SIGN_STYLE = Automatic;
				CURRENT_PROJECT_VERSION = 3;
				DEVELOPMENT_TEAM = 42PXLCUPV6;
				ENABLE_PREVIEWS = YES;
				GENERATE_INFOPLIST_FILE = YES;
				INFOPLIST_FILE = "Tenderize-It--iOS--Info.plist";
				INFOPLIST_KEY_UIApplicationSceneManifest_Generation = YES;
				INFOPLIST_KEY_UIApplicationSupportsIndirectInputEvents = YES;
				INFOPLIST_KEY_UILaunchScreen_Generation = YES;
				INFOPLIST_KEY_UISupportedInterfaceOrientations = UIInterfaceOrientationPortrait;
				INFOPLIST_KEY_UISupportedInterfaceOrientations_iPad = "UIInterfaceOrientationPortrait UIInterfaceOrientationPortraitUpsideDown UIInterfaceOrientationLandscapeLeft UIInterfaceOrientationLandscapeRight";
				INFOPLIST_KEY_UISupportedInterfaceOrientations_iPhone = UIInterfaceOrientationPortrait;
				IPHONEOS_DEPLOYMENT_TARGET = 14.0;
				LD_RUNPATH_SEARCH_PATHS = (
					"$(inherited)",
					"@executable_path/Frameworks",
				);
				MARKETING_VERSION = 1.11;
				PRODUCT_BUNDLE_IDENTIFIER = "Rootz.Tenderize-It";
				PRODUCT_NAME = "Tenderize It";
				SDKROOT = iphoneos;
				SWIFT_EMIT_LOC_STRINGS = YES;
				SWIFT_VERSION = 5.0;
				TARGETED_DEVICE_FAMILY = "1,2";
				VALIDATE_PRODUCT = NO;
			};
			name = Release;
		};
		44DBF1032787B99F00131EC2 /* Debug */ = {
			isa = XCBuildConfiguration;
			baseConfigurationReference = 09FB73448BC201927CE6871F /* Pods-Tenderize It (macOS).debug.xcconfig */;
			buildSettings = {
				ASSETCATALOG_COMPILER_APPICON_NAME = AppIcon;
				ASSETCATALOG_COMPILER_GLOBAL_ACCENT_COLOR_NAME = AccentColor;
				CODE_SIGN_ENTITLEMENTS = macOS/macOS.entitlements;
				CODE_SIGN_STYLE = Automatic;
				COMBINE_HIDPI_IMAGES = YES;
				CURRENT_PROJECT_VERSION = 1;
				DEVELOPMENT_TEAM = 42PXLCUPV6;
				ENABLE_HARDENED_RUNTIME = YES;
				ENABLE_PREVIEWS = YES;
				GENERATE_INFOPLIST_FILE = YES;
				INFOPLIST_KEY_NSHumanReadableCopyright = "";
				LD_RUNPATH_SEARCH_PATHS = (
					"$(inherited)",
					"@executable_path/../Frameworks",
				);
				MACOSX_DEPLOYMENT_TARGET = 11.6;
				MARKETING_VERSION = 1.0;
				PRODUCT_BUNDLE_IDENTIFIER = "Rootz.Tenderize-It";
				PRODUCT_NAME = "Tenderize It";
				SDKROOT = macosx;
				SWIFT_EMIT_LOC_STRINGS = YES;
				SWIFT_VERSION = 5.0;
			};
			name = Debug;
		};
		44DBF1042787B99F00131EC2 /* Release */ = {
			isa = XCBuildConfiguration;
			baseConfigurationReference = ADF0BEBA429448D6D1F89B77 /* Pods-Tenderize It (macOS).release.xcconfig */;
			buildSettings = {
				ASSETCATALOG_COMPILER_APPICON_NAME = AppIcon;
				ASSETCATALOG_COMPILER_GLOBAL_ACCENT_COLOR_NAME = AccentColor;
				CODE_SIGN_ENTITLEMENTS = macOS/macOS.entitlements;
				CODE_SIGN_STYLE = Automatic;
				COMBINE_HIDPI_IMAGES = YES;
				CURRENT_PROJECT_VERSION = 1;
				DEVELOPMENT_TEAM = 42PXLCUPV6;
				ENABLE_HARDENED_RUNTIME = YES;
				ENABLE_PREVIEWS = YES;
				GENERATE_INFOPLIST_FILE = YES;
				INFOPLIST_KEY_NSHumanReadableCopyright = "";
				LD_RUNPATH_SEARCH_PATHS = (
					"$(inherited)",
					"@executable_path/../Frameworks",
				);
				MACOSX_DEPLOYMENT_TARGET = 11.6;
				MARKETING_VERSION = 1.0;
				PRODUCT_BUNDLE_IDENTIFIER = "Rootz.Tenderize-It";
				PRODUCT_NAME = "Tenderize It";
				SDKROOT = macosx;
				SWIFT_EMIT_LOC_STRINGS = YES;
				SWIFT_VERSION = 5.0;
			};
			name = Release;
		};
		44DBF1062787B99F00131EC2 /* Debug */ = {
			isa = XCBuildConfiguration;
			buildSettings = {
				ALWAYS_EMBED_SWIFT_STANDARD_LIBRARIES = YES;
				CODE_SIGN_STYLE = Automatic;
				CURRENT_PROJECT_VERSION = 1;
				DEVELOPMENT_TEAM = 42PXLCUPV6;
				GENERATE_INFOPLIST_FILE = YES;
				IPHONEOS_DEPLOYMENT_TARGET = 15.2;
				MARKETING_VERSION = 1.0;
				PRODUCT_BUNDLE_IDENTIFIER = "Rootz.Tests-iOS";
				PRODUCT_NAME = "$(TARGET_NAME)";
				SDKROOT = iphoneos;
				SWIFT_EMIT_LOC_STRINGS = NO;
				SWIFT_VERSION = 5.0;
				TARGETED_DEVICE_FAMILY = "1,2";
				TEST_TARGET_NAME = "Tenderize It (iOS)";
			};
			name = Debug;
		};
		44DBF1072787B99F00131EC2 /* Release */ = {
			isa = XCBuildConfiguration;
			buildSettings = {
				ALWAYS_EMBED_SWIFT_STANDARD_LIBRARIES = YES;
				CODE_SIGN_STYLE = Automatic;
				CURRENT_PROJECT_VERSION = 1;
				DEVELOPMENT_TEAM = 42PXLCUPV6;
				GENERATE_INFOPLIST_FILE = YES;
				IPHONEOS_DEPLOYMENT_TARGET = 15.2;
				MARKETING_VERSION = 1.0;
				PRODUCT_BUNDLE_IDENTIFIER = "Rootz.Tests-iOS";
				PRODUCT_NAME = "$(TARGET_NAME)";
				SDKROOT = iphoneos;
				SWIFT_EMIT_LOC_STRINGS = NO;
				SWIFT_VERSION = 5.0;
				TARGETED_DEVICE_FAMILY = "1,2";
				TEST_TARGET_NAME = "Tenderize It (iOS)";
				VALIDATE_PRODUCT = YES;
			};
			name = Release;
		};
		44DBF1092787B99F00131EC2 /* Debug */ = {
			isa = XCBuildConfiguration;
			buildSettings = {
				ALWAYS_EMBED_SWIFT_STANDARD_LIBRARIES = YES;
				CODE_SIGN_STYLE = Automatic;
				CURRENT_PROJECT_VERSION = 1;
				DEVELOPMENT_TEAM = 42PXLCUPV6;
				GENERATE_INFOPLIST_FILE = YES;
				MACOSX_DEPLOYMENT_TARGET = 11.6;
				MARKETING_VERSION = 1.0;
				PRODUCT_BUNDLE_IDENTIFIER = "Rootz.Tests-macOS";
				PRODUCT_NAME = "$(TARGET_NAME)";
				SDKROOT = macosx;
				SWIFT_EMIT_LOC_STRINGS = NO;
				SWIFT_VERSION = 5.0;
				TEST_TARGET_NAME = "Tenderize It (macOS)";
			};
			name = Debug;
		};
		44DBF10A2787B99F00131EC2 /* Release */ = {
			isa = XCBuildConfiguration;
			buildSettings = {
				ALWAYS_EMBED_SWIFT_STANDARD_LIBRARIES = YES;
				CODE_SIGN_STYLE = Automatic;
				CURRENT_PROJECT_VERSION = 1;
				DEVELOPMENT_TEAM = 42PXLCUPV6;
				GENERATE_INFOPLIST_FILE = YES;
				MACOSX_DEPLOYMENT_TARGET = 11.6;
				MARKETING_VERSION = 1.0;
				PRODUCT_BUNDLE_IDENTIFIER = "Rootz.Tests-macOS";
				PRODUCT_NAME = "$(TARGET_NAME)";
				SDKROOT = macosx;
				SWIFT_EMIT_LOC_STRINGS = NO;
				SWIFT_VERSION = 5.0;
				TEST_TARGET_NAME = "Tenderize It (macOS)";
			};
			name = Release;
		};
/* End XCBuildConfiguration section */

/* Begin XCConfigurationList section */
		44DBF0CD2787B98D00131EC2 /* Build configuration list for PBXProject "Tenderize It" */ = {
			isa = XCConfigurationList;
			buildConfigurations = (
				44DBF0FD2787B99F00131EC2 /* Debug */,
				44DBF0FE2787B99F00131EC2 /* Release */,
			);
			defaultConfigurationIsVisible = 0;
			defaultConfigurationName = Release;
		};
		44DBF0FF2787B99F00131EC2 /* Build configuration list for PBXNativeTarget "Tenderize It (iOS)" */ = {
			isa = XCConfigurationList;
			buildConfigurations = (
				44DBF1002787B99F00131EC2 /* Debug */,
				44DBF1012787B99F00131EC2 /* Release */,
			);
			defaultConfigurationIsVisible = 0;
			defaultConfigurationName = Release;
		};
		44DBF1022787B99F00131EC2 /* Build configuration list for PBXNativeTarget "Tenderize It (macOS)" */ = {
			isa = XCConfigurationList;
			buildConfigurations = (
				44DBF1032787B99F00131EC2 /* Debug */,
				44DBF1042787B99F00131EC2 /* Release */,
			);
			defaultConfigurationIsVisible = 0;
			defaultConfigurationName = Release;
		};
		44DBF1052787B99F00131EC2 /* Build configuration list for PBXNativeTarget "Tests iOS" */ = {
			isa = XCConfigurationList;
			buildConfigurations = (
				44DBF1062787B99F00131EC2 /* Debug */,
				44DBF1072787B99F00131EC2 /* Release */,
			);
			defaultConfigurationIsVisible = 0;
			defaultConfigurationName = Release;
		};
		44DBF1082787B99F00131EC2 /* Build configuration list for PBXNativeTarget "Tests macOS" */ = {
			isa = XCConfigurationList;
			buildConfigurations = (
				44DBF1092787B99F00131EC2 /* Debug */,
				44DBF10A2787B99F00131EC2 /* Release */,
			);
			defaultConfigurationIsVisible = 0;
			defaultConfigurationName = Release;
		};
/* End XCConfigurationList section */

/* Begin XCRemoteSwiftPackageReference section */
		44778759278F9BA700F7381E /* XCRemoteSwiftPackageReference "firebase-ios-sdk" */ = {
			isa = XCRemoteSwiftPackageReference;
			repositoryURL = "https://github.com/firebase/firebase-ios-sdk";
			requirement = {
				branch = master;
				kind = branch;
			};
		};
/* End XCRemoteSwiftPackageReference section */

/* Begin XCSwiftPackageProductDependency section */
		4477875A278F9BA700F7381E /* FirebaseAnalytics */ = {
			isa = XCSwiftPackageProductDependency;
			package = 44778759278F9BA700F7381E /* XCRemoteSwiftPackageReference "firebase-ios-sdk" */;
			productName = FirebaseAnalytics;
		};
		4477875C278F9BA700F7381E /* FirebaseDatabase */ = {
			isa = XCSwiftPackageProductDependency;
			package = 44778759278F9BA700F7381E /* XCRemoteSwiftPackageReference "firebase-ios-sdk" */;
			productName = FirebaseDatabase;
		};
		4477875E278F9BA700F7381E /* FirebaseDatabaseSwift-Beta */ = {
			isa = XCSwiftPackageProductDependency;
			package = 44778759278F9BA700F7381E /* XCRemoteSwiftPackageReference "firebase-ios-sdk" */;
			productName = "FirebaseDatabaseSwift-Beta";
		};
		44778760278F9BA700F7381E /* FirebaseDynamicLinks */ = {
			isa = XCSwiftPackageProductDependency;
			package = 44778759278F9BA700F7381E /* XCRemoteSwiftPackageReference "firebase-ios-sdk" */;
			productName = FirebaseDynamicLinks;
		};
		44778762278F9BA700F7381E /* FirebaseFirestore */ = {
			isa = XCSwiftPackageProductDependency;
			package = 44778759278F9BA700F7381E /* XCRemoteSwiftPackageReference "firebase-ios-sdk" */;
			productName = FirebaseFirestore;
		};
		44778764278F9BA700F7381E /* FirebaseFirestoreCombine-Community */ = {
			isa = XCSwiftPackageProductDependency;
			package = 44778759278F9BA700F7381E /* XCRemoteSwiftPackageReference "firebase-ios-sdk" */;
			productName = "FirebaseFirestoreCombine-Community";
		};
		44778766278F9BA700F7381E /* FirebaseFirestoreSwift-Beta */ = {
			isa = XCSwiftPackageProductDependency;
			package = 44778759278F9BA700F7381E /* XCRemoteSwiftPackageReference "firebase-ios-sdk" */;
			productName = "FirebaseFirestoreSwift-Beta";
		};
		44778768278F9BA700F7381E /* FirebaseFunctions */ = {
			isa = XCSwiftPackageProductDependency;
			package = 44778759278F9BA700F7381E /* XCRemoteSwiftPackageReference "firebase-ios-sdk" */;
			productName = FirebaseFunctions;
		};
		4477876A278F9BA700F7381E /* FirebaseStorage */ = {
			isa = XCSwiftPackageProductDependency;
			package = 44778759278F9BA700F7381E /* XCRemoteSwiftPackageReference "firebase-ios-sdk" */;
			productName = FirebaseStorage;
		};
		4477876C278F9BA700F7381E /* FirebaseStorageCombine-Community */ = {
			isa = XCSwiftPackageProductDependency;
			package = 44778759278F9BA700F7381E /* XCRemoteSwiftPackageReference "firebase-ios-sdk" */;
			productName = "FirebaseStorageCombine-Community";
		};
/* End XCSwiftPackageProductDependency section */
	};
	rootObject = 44DBF0CA2787B98D00131EC2 /* Project object */;
}
